Microsoft Visual Studio Solution File, Format Version 8.00
Project("{8BC9CEB8-8B4A-11D0-8D11-00A0C91BC942}") = "SrcPoolWin32", "..\SrcPoolWin32.vcproj", "{E4804099-DAA2-4333-A0E9-739E59B40790}"
	ProjectSection(ProjectDependencies) = postProject
	EndProjectSection
EndProject
Project("{8BC9CEB8-8B4A-11D0-8D11-00A0C91BC942}") = "TestButton", "TestButton\TestButton.vcproj", "{2B56E734-C600-4362-9F93-B9354FBDA13B}"
	ProjectSection(ProjectDependencies) = postProject
	EndProjectSection
EndProject
Project("{8BC9CEB8-8B4A-11D0-8D11-00A0C91BC942}") = "TestStatic", "TestStatic\TestStatic.vcproj", "{FAF35EC3-036F-4DFE-8CE4-7B85BA37C0C5}"
	ProjectSection(ProjectDependencies) = postProject
	EndProjectSection
EndProject
Project("{8BC9CEB8-8B4A-11D0-8D11-00A0C91BC942}") = "_LibraryTest", "_LibraryTest\_LibraryTest.vcproj", "{5462D664-95DE-47E9-A9EB-92BEA93AB198}"
	ProjectSection(ProjectDependencies) = postProject
	EndProjectSection
EndProject
Global
	GlobalSection(SolutionConfiguration) = preSolution
		DbgUnicode = DbgUnicode
		Debug = Debug
		Debug_SBCS = Debug_SBCS
		Debug_SBCS_MFC = Debug_SBCS_MFC
		Debug_Unicode = Debug_Unicode
		Debug_Unicode_MFC = Debug_Unicode_MFC
		Release = Release
		Release_SBCS = Release_SBCS
		Release_SBCS_MFC = Release_SBCS_MFC
		Release_Unicode = Release_Unicode
		Release_Unicode_MFC = Release_Unicode_MFC
		RelUnicode = RelUnicode
	EndGlobalSection
	GlobalSection(ProjectConfiguration) = postSolution
		{E4804099-DAA2-4333-A0E9-739E59B40790}.DbgUnicode.ActiveCfg = Debug_SBCS_MFC|Win32
		{E4804099-DAA2-4333-A0E9-739E59B40790}.DbgUnicode.Build.0 = Debug_SBCS_MFC|Win32
		{E4804099-DAA2-4333-A0E9-739E59B40790}.Debug.ActiveCfg = Debug_SBCS_MFC|Win32
		{E4804099-DAA2-4333-A0E9-739E59B40790}.Debug.Build.0 = Debug_SBCS_MFC|Win32
		{E4804099-DAA2-4333-A0E9-739E59B40790}.Debug_SBCS.ActiveCfg = Debug_SBCS_MFC|Win32
		{E4804099-DAA2-4333-A0E9-739E59B40790}.Debug_SBCS.Build.0 = Debug_SBCS_MFC|Win32
		{E4804099-DAA2-4333-A0E9-739E59B40790}.Debug_SBCS_MFC.ActiveCfg = Debug_SBCS_MFC|Win32
		{E4804099-DAA2-4333-A0E9-739E59B40790}.Debug_SBCS_MFC.Build.0 = Debug_SBCS_MFC|Win32
		{E4804099-DAA2-4333-A0E9-739E59B40790}.Debug_Unicode.ActiveCfg = Debug_Unicode_MFC|Win32
		{E4804099-DAA2-4333-A0E9-739E59B40790}.Debug_Unicode.Build.0 = Debug_Unicode_MFC|Win32
		{E4804099-DAA2-4333-A0E9-739E59B40790}.Debug_Unicode_MFC.ActiveCfg = Debug_Unicode_MFC|Win32
		{E4804099-DAA2-4333-A0E9-739E59B40790}.Debug_Unicode_MFC.Build.0 = Debug_Unicode_MFC|Win32
		{E4804099-DAA2-4333-A0E9-739E59B40790}.Release.ActiveCfg = Release_SBCS_MFC|Win32
		{E4804099-DAA2-4333-A0E9-739E59B40790}.Release.Build.0 = Release_SBCS_MFC|Win32
		{E4804099-DAA2-4333-A0E9-739E59B40790}.Release_SBCS.ActiveCfg = Release_SBCS_MFC|Win32
		{E4804099-DAA2-4333-A0E9-739E59B40790}.Release_SBCS.Build.0 = Release_SBCS_MFC|Win32
		{E4804099-DAA2-4333-A0E9-739E59B40790}.Release_SBCS_MFC.ActiveCfg = Release_SBCS_MFC|Win32
		{E4804099-DAA2-4333-A0E9-739E59B40790}.Release_SBCS_MFC.Build.0 = Release_SBCS_MFC|Win32
		{E4804099-DAA2-4333-A0E9-739E59B40790}.Release_Unicode.ActiveCfg = Release_Unicode_MFC|Win32
		{E4804099-DAA2-4333-A0E9-739E59B40790}.Release_Unicode.Build.0 = Release_Unicode_MFC|Win32
		{E4804099-DAA2-4333-A0E9-739E59B40790}.Release_Unicode_MFC.ActiveCfg = Release_Unicode_MFC|Win32
		{E4804099-DAA2-4333-A0E9-739E59B40790}.Release_Unicode_MFC.Build.0 = Release_Unicode_MFC|Win32
		{E4804099-DAA2-4333-A0E9-739E59B40790}.RelUnicode.ActiveCfg = Release_SBCS_MFC|Win32
		{E4804099-DAA2-4333-A0E9-739E59B40790}.RelUnicode.Build.0 = Release_SBCS_MFC|Win32
		{2B56E734-C600-4362-9F93-B9354FBDA13B}.DbgUnicode.ActiveCfg = Debug_Unicode_MFC|Win32
		{2B56E734-C600-4362-9F93-B9354FBDA13B}.DbgUnicode.Build.0 = Debug_Unicode_MFC|Win32
		{2B56E734-C600-4362-9F93-B9354FBDA13B}.Debug.ActiveCfg = Debug_Unicode_MFC|Win32
		{2B56E734-C600-4362-9F93-B9354FBDA13B}.Debug.Build.0 = Debug_Unicode_MFC|Win32
		{2B56E734-C600-4362-9F93-B9354FBDA13B}.Debug_SBCS.ActiveCfg = Debug_SBCS_MFC|Win32
		{2B56E734-C600-4362-9F93-B9354FBDA13B}.Debug_SBCS.Build.0 = Debug_SBCS_MFC|Win32
		{2B56E734-C600-4362-9F93-B9354FBDA13B}.Debug_SBCS_MFC.ActiveCfg = Debug_SBCS_MFC|Win32
		{2B56E734-C600-4362-9F93-B9354FBDA13B}.Debug_SBCS_MFC.Build.0 = Debug_SBCS_MFC|Win32
		{2B56E734-C600-4362-9F93-B9354FBDA13B}.Debug_Unicode.ActiveCfg = Debug_Unicode_MFC|Win32
		{2B56E734-C600-4362-9F93-B9354FBDA13B}.Debug_Unicode.Build.0 = Debug_Unicode_MFC|Win32
		{2B56E734-C600-4362-9F93-B9354FBDA13B}.Debug_Unicode_MFC.ActiveCfg = Debug_Unicode_MFC|Win32
		{2B56E734-C600-4362-9F93-B9354FBDA13B}.Debug_Unicode_MFC.Build.0 = Debug_Unicode_MFC|Win32
		{2B56E734-C600-4362-9F93-B9354FBDA13B}.Release.ActiveCfg = Release_Unicode_MFC|Win32
		{2B56E734-C600-4362-9F93-B9354FBDA13B}.Release.Build.0 = Release_Unicode_MFC|Win32
		{2B56E734-C600-4362-9F93-B9354FBDA13B}.Release_SBCS.ActiveCfg = Release_SBCS_MFC|Win32
		{2B56E734-C600-4362-9F93-B9354FBDA13B}.Release_SBCS.Build.0 = Release_SBCS_MFC|Win32
		{2B56E734-C600-4362-9F93-B9354FBDA13B}.Release_SBCS_MFC.ActiveCfg = Release_SBCS_MFC|Win32
		{2B56E734-C600-4362-9F93-B9354FBDA13B}.Release_SBCS_MFC.Build.0 = Release_SBCS_MFC|Win32
		{2B56E734-C600-4362-9F93-B9354FBDA13B}.Release_Unicode.ActiveCfg = Release_Unicode_MFC|Win32
		{2B56E734-C600-4362-9F93-B9354FBDA13B}.Release_Unicode.Build.0 = Release_Unicode_MFC|Win32
		{2B56E734-C600-4362-9F93-B9354FBDA13B}.Release_Unicode_MFC.ActiveCfg = Release_Unicode_MFC|Win32
		{2B56E734-C600-4362-9F93-B9354FBDA13B}.Release_Unicode_MFC.Build.0 = Release_Unicode_MFC|Win32
		{2B56E734-C600-4362-9F93-B9354FBDA13B}.RelUnicode.ActiveCfg = Release_Unicode_MFC|Win32
		{2B56E734-C600-4362-9F93-B9354FBDA13B}.RelUnicode.Build.0 = Release_Unicode_MFC|Win32
		{FAF35EC3-036F-4DFE-8CE4-7B85BA37C0C5}.DbgUnicode.ActiveCfg = Debug_SBCS_MFC|Win32
		{FAF35EC3-036F-4DFE-8CE4-7B85BA37C0C5}.DbgUnicode.Build.0 = Debug_SBCS_MFC|Win32
		{FAF35EC3-036F-4DFE-8CE4-7B85BA37C0C5}.Debug.ActiveCfg = Debug_SBCS_MFC|Win32
		{FAF35EC3-036F-4DFE-8CE4-7B85BA37C0C5}.Debug.Build.0 = Debug_SBCS_MFC|Win32
		{FAF35EC3-036F-4DFE-8CE4-7B85BA37C0C5}.Debug_SBCS.ActiveCfg = Debug_SBCS_MFC|Win32
		{FAF35EC3-036F-4DFE-8CE4-7B85BA37C0C5}.Debug_SBCS.Build.0 = Debug_SBCS_MFC|Win32
		{FAF35EC3-036F-4DFE-8CE4-7B85BA37C0C5}.Debug_SBCS_MFC.ActiveCfg = Debug_SBCS_MFC|Win32
		{FAF35EC3-036F-4DFE-8CE4-7B85BA37C0C5}.Debug_SBCS_MFC.Build.0 = Debug_SBCS_MFC|Win32
		{FAF35EC3-036F-4DFE-8CE4-7B85BA37C0C5}.Debug_Unicode.ActiveCfg = Debug_Unicode_MFC|Win32
		{FAF35EC3-036F-4DFE-8CE4-7B85BA37C0C5}.Debug_Unicode.Build.0 = Debug_Unicode_MFC|Win32
		{FAF35EC3-036F-4DFE-8CE4-7B85BA37C0C5}.Debug_Unicode_MFC.ActiveCfg = Debug_Unicode_MFC|Win32
		{FAF35EC3-036F-4DFE-8CE4-7B85BA37C0C5}.Debug_Unicode_MFC.Build.0 = Debug_Unicode_MFC|Win32
		{FAF35EC3-036F-4DFE-8CE4-7B85BA37C0C5}.Release.ActiveCfg = Release_Unicode_MFC|Win32
		{FAF35EC3-036F-4DFE-8CE4-7B85BA37C0C5}.Release.Build.0 = Release_Unicode_MFC|Win32
		{FAF35EC3-036F-4DFE-8CE4-7B85BA37C0C5}.Release_SBCS.ActiveCfg = Release_SBCS_MFC|Win32
		{FAF35EC3-036F-4DFE-8CE4-7B85BA37C0C5}.Release_SBCS.Build.0 = Release_SBCS_MFC|Win32
		{FAF35EC3-036F-4DFE-8CE4-7B85BA37C0C5}.Release_SBCS_MFC.ActiveCfg = Release_SBCS_MFC|Win32
		{FAF35EC3-036F-4DFE-8CE4-7B85BA37C0C5}.Release_SBCS_MFC.Build.0 = Release_SBCS_MFC|Win32
		{FAF35EC3-036F-4DFE-8CE4-7B85BA37C0C5}.Release_Unicode.ActiveCfg = Release_Unicode_MFC|Win32
		{FAF35EC3-036F-4DFE-8CE4-7B85BA37C0C5}.Release_Unicode.Build.0 = Release_Unicode_MFC|Win32
		{FAF35EC3-036F-4DFE-8CE4-7B85BA37C0C5}.Release_Unicode_MFC.ActiveCfg = Release_Unicode_MFC|Win32
		{FAF35EC3-036F-4DFE-8CE4-7B85BA37C0C5}.Release_Unicode_MFC.Build.0 = Release_Unicode_MFC|Win32
		{FAF35EC3-036F-4DFE-8CE4-7B85BA37C0C5}.RelUnicode.ActiveCfg = Release_Unicode_MFC|Win32
		{FAF35EC3-036F-4DFE-8CE4-7B85BA37C0C5}.RelUnicode.Build.0 = Release_Unicode_MFC|Win32
		{5462D664-95DE-47E9-A9EB-92BEA93AB198}.DbgUnicode.ActiveCfg = Debug_Unicode_MFC|Win32
		{5462D664-95DE-47E9-A9EB-92BEA93AB198}.DbgUnicode.Build.0 = Debug_Unicode_MFC|Win32
		{5462D664-95DE-47E9-A9EB-92BEA93AB198}.Debug.ActiveCfg = Debug_Unicode_MFC|Win32
		{5462D664-95DE-47E9-A9EB-92BEA93AB198}.Debug.Build.0 = Debug_Unicode_MFC|Win32
		{5462D664-95DE-47E9-A9EB-92BEA93AB198}.Debug_SBCS.ActiveCfg = Debug_SBCS_MFC|Win32
		{5462D664-95DE-47E9-A9EB-92BEA93AB198}.Debug_SBCS.Build.0 = Debug_SBCS_MFC|Win32
		{5462D664-95DE-47E9-A9EB-92BEA93AB198}.Debug_SBCS_MFC.ActiveCfg = Debug_SBCS_MFC|Win32
		{5462D664-95DE-47E9-A9EB-92BEA93AB198}.Debug_SBCS_MFC.Build.0 = Debug_SBCS_MFC|Win32
		{5462D664-95DE-47E9-A9EB-92BEA93AB198}.Debug_Unicode.ActiveCfg = Debug_Unicode_MFC|Win32
		{5462D664-95DE-47E9-A9EB-92BEA93AB198}.Debug_Unicode.Build.0 = Debug_Unicode_MFC|Win32
		{5462D664-95DE-47E9-A9EB-92BEA93AB198}.Debug_Unicode_MFC.ActiveCfg = Debug_Unicode_MFC|Win32
		{5462D664-95DE-47E9-A9EB-92BEA93AB198}.Debug_Unicode_MFC.Build.0 = Debug_Unicode_MFC|Win32
		{5462D664-95DE-47E9-A9EB-92BEA93AB198}.Release.ActiveCfg = Release_Unicode_MFC|Win32
		{5462D664-95DE-47E9-A9EB-92BEA93AB198}.Release.Build.0 = Release_Unicode_MFC|Win32
		{5462D664-95DE-47E9-A9EB-92BEA93AB198}.Release_SBCS.ActiveCfg = Release_SBCS_MFC|Win32
		{5462D664-95DE-47E9-A9EB-92BEA93AB198}.Release_SBCS.Build.0 = Release_SBCS_MFC|Win32
		{5462D664-95DE-47E9-A9EB-92BEA93AB198}.Release_SBCS_MFC.ActiveCfg = Release_SBCS_MFC|Win32
		{5462D664-95DE-47E9-A9EB-92BEA93AB198}.Release_SBCS_MFC.Build.0 = Release_SBCS_MFC|Win32
		{5462D664-95DE-47E9-A9EB-92BEA93AB198}.Release_Unicode.ActiveCfg = Release_Unicode_MFC|Win32
		{5462D664-95DE-47E9-A9EB-92BEA93AB198}.Release_Unicode.Build.0 = Release_Unicode_MFC|Win32
		{5462D664-95DE-47E9-A9EB-92BEA93AB198}.Release_Unicode_MFC.ActiveCfg = Release_Unicode_MFC|Win32
		{5462D664-95DE-47E9-A9EB-92BEA93AB198}.Release_Unicode_MFC.Build.0 = Release_Unicode_MFC|Win32
		{5462D664-95DE-47E9-A9EB-92BEA93AB198}.RelUnicode.ActiveCfg = Release_Unicode_MFC|Win32
		{5462D664-95DE-47E9-A9EB-92BEA93AB198}.RelUnicode.Build.0 = Release_Unicode_MFC|Win32
	EndGlobalSection
	GlobalSection(ExtensibilityGlobals) = postSolution
	EndGlobalSection
	GlobalSection(ExtensibilityAddIns) = postSolution
	EndGlobalSection
EndGlobal
