Microsoft Visual Studio Solution File, Format Version 9.00
# Visual Studio 2005
Project("{8BC9CEB8-8B4A-11D0-8D11-00A0C91BC942}") = "SrcPoolWin32", "..\SrcPoolWin32.vcproj", "{E4804099-DAA2-4333-A0E9-739E59B40790}"
EndProject
Project("{8BC9CEB8-8B4A-11D0-8D11-00A0C91BC942}") = "TestButton", "TestButton\TestButton.vcproj", "{2B56E734-C600-4362-9F93-B9354FBDA13B}"
EndProject
Project("{8BC9CEB8-8B4A-11D0-8D11-00A0C91BC942}") = "TestStatic", "TestStatic\TestStatic.vcproj", "{FAF35EC3-036F-4DFE-8CE4-7B85BA37C0C5}"
EndProject
Project("{8BC9CEB8-8B4A-11D0-8D11-00A0C91BC942}") = "_LibraryTest", "_LibraryTest\_LibraryTest.vcproj", "{5462D664-95DE-47E9-A9EB-92BEA93AB198}"
EndProject
Project("{8BC9CEB8-8B4A-11D0-8D11-00A0C91BC942}") = "TestComAtl", "TestComAtl\TestComAtl.vcproj", "{F1351ED3-CE5F-4D02-800C-1695330F7F3A}"
EndProject
Project("{8BC9CEB8-8B4A-11D0-8D11-00A0C91BC942}") = "TestComContainer", "TestComContainer\TestComContainer.vcproj", "{573A0AEE-B8B2-46AF-AF1F-BB39591D9F2D}"
	ProjectSection(ProjectDependencies) = postProject
		{2EAB0B99-F92B-403F-A312-303B7DD34337} = {2EAB0B99-F92B-403F-A312-303B7DD34337}
		{F1351ED3-CE5F-4D02-800C-1695330F7F3A} = {F1351ED3-CE5F-4D02-800C-1695330F7F3A}
		{513F1CD8-0600-43F3-818F-B7D0CB21A941} = {513F1CD8-0600-43F3-818F-B7D0CB21A941}
	EndProjectSection
EndProject
Project("{8BC9CEB8-8B4A-11D0-8D11-00A0C91BC942}") = "TestComAtlNet", "TestComAtlNet\TestComAtlNet.vcproj", "{513F1CD8-0600-43F3-818F-B7D0CB21A941}"
EndProject
Project("{8BC9CEB8-8B4A-11D0-8D11-00A0C91BC942}") = "TestComAtlNetPS", "TestComAtlNet\TestComAtlNetPS.vcproj", "{2EAB0B99-F92B-403F-A312-303B7DD34337}"
	ProjectSection(ProjectDependencies) = postProject
		{513F1CD8-0600-43F3-818F-B7D0CB21A941} = {513F1CD8-0600-43F3-818F-B7D0CB21A941}
	EndProjectSection
EndProject
Project("{8BC9CEB8-8B4A-11D0-8D11-00A0C91BC942}") = "_Util", "..\..\..\..\Util\_Util.vcproj", "{C8E6F84B-F415-458D-BCC8-CD2DFAA3A8AA}"
EndProject
Project("{8BC9CEB8-8B4A-11D0-8D11-00A0C91BC942}") = "_Doc", "..\..\..\..\Doc\_Doc.vcproj", "{A09C7AF7-9DBA-496B-943A-2228927853D7}"
EndProject
Project("{2150E333-8FDC-42A3-9474-1A3956D46DE8}") = "Solution Items", "Solution Items", "{37265C4E-0848-4236-845C-83268C875F74}"
	ProjectSection(SolutionItems) = preProject
		_Samples.txt = _Samples.txt
		_SamplesWin.vsd = _SamplesWin.vsd
	EndProjectSection
EndProject
Project("{8BC9CEB8-8B4A-11D0-8D11-00A0C91BC942}") = "VerInfoTest", "VerInfoTest\VerInfoTest.vcproj", "{DA5464C8-6D17-4D73-8299-35719436979D}"
EndProject
Global
	GlobalSection(SolutionConfigurationPlatforms) = preSolution
		Debug_SBCS_MFC|Win32 = Debug_SBCS_MFC|Win32
		Debug_SBCS|Win32 = Debug_SBCS|Win32
		Debug_Unicode_MFC|Win32 = Debug_Unicode_MFC|Win32
		Debug_Unicode|Win32 = Debug_Unicode|Win32
		Debug|Win32 = Debug|Win32
		Release_SBCS_MFC|Win32 = Release_SBCS_MFC|Win32
		Release_SBCS|Win32 = Release_SBCS|Win32
		Release_Unicode_MFC|Win32 = Release_Unicode_MFC|Win32
		Release_Unicode|Win32 = Release_Unicode|Win32
		Release|Win32 = Release|Win32
	EndGlobalSection
	GlobalSection(ProjectConfigurationPlatforms) = postSolution
		{E4804099-DAA2-4333-A0E9-739E59B40790}.Debug_SBCS_MFC|Win32.ActiveCfg = Debug_SBCS_MFC|Win32
		{E4804099-DAA2-4333-A0E9-739E59B40790}.Debug_SBCS_MFC|Win32.Build.0 = Debug_SBCS_MFC|Win32
		{E4804099-DAA2-4333-A0E9-739E59B40790}.Debug_SBCS|Win32.ActiveCfg = Debug_SBCS_MFC|Win32
		{E4804099-DAA2-4333-A0E9-739E59B40790}.Debug_SBCS|Win32.Build.0 = Debug_SBCS_MFC|Win32
		{E4804099-DAA2-4333-A0E9-739E59B40790}.Debug_Unicode_MFC|Win32.ActiveCfg = Debug_Unicode_MFC|Win32
		{E4804099-DAA2-4333-A0E9-739E59B40790}.Debug_Unicode_MFC|Win32.Build.0 = Debug_Unicode_MFC|Win32
		{E4804099-DAA2-4333-A0E9-739E59B40790}.Debug_Unicode|Win32.ActiveCfg = Debug_Unicode_MFC|Win32
		{E4804099-DAA2-4333-A0E9-739E59B40790}.Debug_Unicode|Win32.Build.0 = Debug_Unicode_MFC|Win32
		{E4804099-DAA2-4333-A0E9-739E59B40790}.Debug|Win32.ActiveCfg = Debug_SBCS_MFC|Win32
		{E4804099-DAA2-4333-A0E9-739E59B40790}.Debug|Win32.Build.0 = Debug_SBCS_MFC|Win32
		{E4804099-DAA2-4333-A0E9-739E59B40790}.Release_SBCS_MFC|Win32.ActiveCfg = Release_SBCS_MFC|Win32
		{E4804099-DAA2-4333-A0E9-739E59B40790}.Release_SBCS_MFC|Win32.Build.0 = Release_SBCS_MFC|Win32
		{E4804099-DAA2-4333-A0E9-739E59B40790}.Release_SBCS|Win32.ActiveCfg = Release_SBCS_MFC|Win32
		{E4804099-DAA2-4333-A0E9-739E59B40790}.Release_SBCS|Win32.Build.0 = Release_SBCS_MFC|Win32
		{E4804099-DAA2-4333-A0E9-739E59B40790}.Release_Unicode_MFC|Win32.ActiveCfg = Release_Unicode_MFC|Win32
		{E4804099-DAA2-4333-A0E9-739E59B40790}.Release_Unicode_MFC|Win32.Build.0 = Release_Unicode_MFC|Win32
		{E4804099-DAA2-4333-A0E9-739E59B40790}.Release_Unicode|Win32.ActiveCfg = Release_Unicode_MFC|Win32
		{E4804099-DAA2-4333-A0E9-739E59B40790}.Release_Unicode|Win32.Build.0 = Release_Unicode_MFC|Win32
		{E4804099-DAA2-4333-A0E9-739E59B40790}.Release|Win32.ActiveCfg = Release_SBCS_MFC|Win32
		{E4804099-DAA2-4333-A0E9-739E59B40790}.Release|Win32.Build.0 = Release_SBCS_MFC|Win32
		{2B56E734-C600-4362-9F93-B9354FBDA13B}.Debug_SBCS_MFC|Win32.ActiveCfg = Debug_SBCS_MFC|Win32
		{2B56E734-C600-4362-9F93-B9354FBDA13B}.Debug_SBCS_MFC|Win32.Build.0 = Debug_SBCS_MFC|Win32
		{2B56E734-C600-4362-9F93-B9354FBDA13B}.Debug_SBCS|Win32.ActiveCfg = Debug_SBCS_MFC|Win32
		{2B56E734-C600-4362-9F93-B9354FBDA13B}.Debug_SBCS|Win32.Build.0 = Debug_SBCS_MFC|Win32
		{2B56E734-C600-4362-9F93-B9354FBDA13B}.Debug_Unicode_MFC|Win32.ActiveCfg = Debug_Unicode_MFC|Win32
		{2B56E734-C600-4362-9F93-B9354FBDA13B}.Debug_Unicode_MFC|Win32.Build.0 = Debug_Unicode_MFC|Win32
		{2B56E734-C600-4362-9F93-B9354FBDA13B}.Debug_Unicode|Win32.ActiveCfg = Debug_Unicode_MFC|Win32
		{2B56E734-C600-4362-9F93-B9354FBDA13B}.Debug_Unicode|Win32.Build.0 = Debug_Unicode_MFC|Win32
		{2B56E734-C600-4362-9F93-B9354FBDA13B}.Debug|Win32.ActiveCfg = Debug_Unicode_MFC|Win32
		{2B56E734-C600-4362-9F93-B9354FBDA13B}.Debug|Win32.Build.0 = Debug_Unicode_MFC|Win32
		{2B56E734-C600-4362-9F93-B9354FBDA13B}.Release_SBCS_MFC|Win32.ActiveCfg = Release_SBCS_MFC|Win32
		{2B56E734-C600-4362-9F93-B9354FBDA13B}.Release_SBCS_MFC|Win32.Build.0 = Release_SBCS_MFC|Win32
		{2B56E734-C600-4362-9F93-B9354FBDA13B}.Release_SBCS|Win32.ActiveCfg = Release_SBCS_MFC|Win32
		{2B56E734-C600-4362-9F93-B9354FBDA13B}.Release_SBCS|Win32.Build.0 = Release_SBCS_MFC|Win32
		{2B56E734-C600-4362-9F93-B9354FBDA13B}.Release_Unicode_MFC|Win32.ActiveCfg = Release_Unicode_MFC|Win32
		{2B56E734-C600-4362-9F93-B9354FBDA13B}.Release_Unicode_MFC|Win32.Build.0 = Release_Unicode_MFC|Win32
		{2B56E734-C600-4362-9F93-B9354FBDA13B}.Release_Unicode|Win32.ActiveCfg = Release_Unicode_MFC|Win32
		{2B56E734-C600-4362-9F93-B9354FBDA13B}.Release_Unicode|Win32.Build.0 = Release_Unicode_MFC|Win32
		{2B56E734-C600-4362-9F93-B9354FBDA13B}.Release|Win32.ActiveCfg = Release_Unicode_MFC|Win32
		{2B56E734-C600-4362-9F93-B9354FBDA13B}.Release|Win32.Build.0 = Release_Unicode_MFC|Win32
		{FAF35EC3-036F-4DFE-8CE4-7B85BA37C0C5}.Debug_SBCS_MFC|Win32.ActiveCfg = Debug_SBCS_MFC|Win32
		{FAF35EC3-036F-4DFE-8CE4-7B85BA37C0C5}.Debug_SBCS_MFC|Win32.Build.0 = Debug_SBCS_MFC|Win32
		{FAF35EC3-036F-4DFE-8CE4-7B85BA37C0C5}.Debug_SBCS|Win32.ActiveCfg = Debug_SBCS_MFC|Win32
		{FAF35EC3-036F-4DFE-8CE4-7B85BA37C0C5}.Debug_SBCS|Win32.Build.0 = Debug_SBCS_MFC|Win32
		{FAF35EC3-036F-4DFE-8CE4-7B85BA37C0C5}.Debug_Unicode_MFC|Win32.ActiveCfg = Debug_Unicode_MFC|Win32
		{FAF35EC3-036F-4DFE-8CE4-7B85BA37C0C5}.Debug_Unicode_MFC|Win32.Build.0 = Debug_Unicode_MFC|Win32
		{FAF35EC3-036F-4DFE-8CE4-7B85BA37C0C5}.Debug_Unicode|Win32.ActiveCfg = Debug_Unicode_MFC|Win32
		{FAF35EC3-036F-4DFE-8CE4-7B85BA37C0C5}.Debug_Unicode|Win32.Build.0 = Debug_Unicode_MFC|Win32
		{FAF35EC3-036F-4DFE-8CE4-7B85BA37C0C5}.Debug|Win32.ActiveCfg = Debug_SBCS_MFC|Win32
		{FAF35EC3-036F-4DFE-8CE4-7B85BA37C0C5}.Debug|Win32.Build.0 = Debug_SBCS_MFC|Win32
		{FAF35EC3-036F-4DFE-8CE4-7B85BA37C0C5}.Release_SBCS_MFC|Win32.ActiveCfg = Release_SBCS_MFC|Win32
		{FAF35EC3-036F-4DFE-8CE4-7B85BA37C0C5}.Release_SBCS_MFC|Win32.Build.0 = Release_SBCS_MFC|Win32
		{FAF35EC3-036F-4DFE-8CE4-7B85BA37C0C5}.Release_SBCS|Win32.ActiveCfg = Release_SBCS_MFC|Win32
		{FAF35EC3-036F-4DFE-8CE4-7B85BA37C0C5}.Release_SBCS|Win32.Build.0 = Release_SBCS_MFC|Win32
		{FAF35EC3-036F-4DFE-8CE4-7B85BA37C0C5}.Release_Unicode_MFC|Win32.ActiveCfg = Release_Unicode_MFC|Win32
		{FAF35EC3-036F-4DFE-8CE4-7B85BA37C0C5}.Release_Unicode_MFC|Win32.Build.0 = Release_Unicode_MFC|Win32
		{FAF35EC3-036F-4DFE-8CE4-7B85BA37C0C5}.Release_Unicode|Win32.ActiveCfg = Release_Unicode_MFC|Win32
		{FAF35EC3-036F-4DFE-8CE4-7B85BA37C0C5}.Release_Unicode|Win32.Build.0 = Release_Unicode_MFC|Win32
		{FAF35EC3-036F-4DFE-8CE4-7B85BA37C0C5}.Release|Win32.ActiveCfg = Release_Unicode_MFC|Win32
		{FAF35EC3-036F-4DFE-8CE4-7B85BA37C0C5}.Release|Win32.Build.0 = Release_Unicode_MFC|Win32
		{5462D664-95DE-47E9-A9EB-92BEA93AB198}.Debug_SBCS_MFC|Win32.ActiveCfg = Debug_SBCS_MFC|Win32
		{5462D664-95DE-47E9-A9EB-92BEA93AB198}.Debug_SBCS_MFC|Win32.Build.0 = Debug_SBCS_MFC|Win32
		{5462D664-95DE-47E9-A9EB-92BEA93AB198}.Debug_SBCS|Win32.ActiveCfg = Debug_SBCS_MFC|Win32
		{5462D664-95DE-47E9-A9EB-92BEA93AB198}.Debug_SBCS|Win32.Build.0 = Debug_SBCS_MFC|Win32
		{5462D664-95DE-47E9-A9EB-92BEA93AB198}.Debug_Unicode_MFC|Win32.ActiveCfg = Debug_Unicode_MFC|Win32
		{5462D664-95DE-47E9-A9EB-92BEA93AB198}.Debug_Unicode_MFC|Win32.Build.0 = Debug_Unicode_MFC|Win32
		{5462D664-95DE-47E9-A9EB-92BEA93AB198}.Debug_Unicode|Win32.ActiveCfg = Debug_Unicode_MFC|Win32
		{5462D664-95DE-47E9-A9EB-92BEA93AB198}.Debug_Unicode|Win32.Build.0 = Debug_Unicode_MFC|Win32
		{5462D664-95DE-47E9-A9EB-92BEA93AB198}.Debug|Win32.ActiveCfg = Debug_Unicode_MFC|Win32
		{5462D664-95DE-47E9-A9EB-92BEA93AB198}.Debug|Win32.Build.0 = Debug_Unicode_MFC|Win32
		{5462D664-95DE-47E9-A9EB-92BEA93AB198}.Release_SBCS_MFC|Win32.ActiveCfg = Release_SBCS_MFC|Win32
		{5462D664-95DE-47E9-A9EB-92BEA93AB198}.Release_SBCS_MFC|Win32.Build.0 = Release_SBCS_MFC|Win32
		{5462D664-95DE-47E9-A9EB-92BEA93AB198}.Release_SBCS|Win32.ActiveCfg = Release_SBCS_MFC|Win32
		{5462D664-95DE-47E9-A9EB-92BEA93AB198}.Release_SBCS|Win32.Build.0 = Release_SBCS_MFC|Win32
		{5462D664-95DE-47E9-A9EB-92BEA93AB198}.Release_Unicode_MFC|Win32.ActiveCfg = Release_Unicode_MFC|Win32
		{5462D664-95DE-47E9-A9EB-92BEA93AB198}.Release_Unicode_MFC|Win32.Build.0 = Release_Unicode_MFC|Win32
		{5462D664-95DE-47E9-A9EB-92BEA93AB198}.Release_Unicode|Win32.ActiveCfg = Release_Unicode_MFC|Win32
		{5462D664-95DE-47E9-A9EB-92BEA93AB198}.Release_Unicode|Win32.Build.0 = Release_Unicode_MFC|Win32
		{5462D664-95DE-47E9-A9EB-92BEA93AB198}.Release|Win32.ActiveCfg = Release_Unicode_MFC|Win32
		{5462D664-95DE-47E9-A9EB-92BEA93AB198}.Release|Win32.Build.0 = Release_Unicode_MFC|Win32
		{F1351ED3-CE5F-4D02-800C-1695330F7F3A}.Debug_SBCS_MFC|Win32.ActiveCfg = Debug_SBCS|Win32
		{F1351ED3-CE5F-4D02-800C-1695330F7F3A}.Debug_SBCS_MFC|Win32.Build.0 = Debug_SBCS|Win32
		{F1351ED3-CE5F-4D02-800C-1695330F7F3A}.Debug_SBCS|Win32.ActiveCfg = Debug_SBCS|Win32
		{F1351ED3-CE5F-4D02-800C-1695330F7F3A}.Debug_SBCS|Win32.Build.0 = Debug_SBCS|Win32
		{F1351ED3-CE5F-4D02-800C-1695330F7F3A}.Debug_Unicode_MFC|Win32.ActiveCfg = Debug_Unicode|Win32
		{F1351ED3-CE5F-4D02-800C-1695330F7F3A}.Debug_Unicode_MFC|Win32.Build.0 = Debug_Unicode|Win32
		{F1351ED3-CE5F-4D02-800C-1695330F7F3A}.Debug_Unicode|Win32.ActiveCfg = Debug_Unicode|Win32
		{F1351ED3-CE5F-4D02-800C-1695330F7F3A}.Debug_Unicode|Win32.Build.0 = Debug_Unicode|Win32
		{F1351ED3-CE5F-4D02-800C-1695330F7F3A}.Debug|Win32.ActiveCfg = Debug_Unicode|Win32
		{F1351ED3-CE5F-4D02-800C-1695330F7F3A}.Debug|Win32.Build.0 = Debug_Unicode|Win32
		{F1351ED3-CE5F-4D02-800C-1695330F7F3A}.Release_SBCS_MFC|Win32.ActiveCfg = Release_SBCS|Win32
		{F1351ED3-CE5F-4D02-800C-1695330F7F3A}.Release_SBCS_MFC|Win32.Build.0 = Release_SBCS|Win32
		{F1351ED3-CE5F-4D02-800C-1695330F7F3A}.Release_SBCS|Win32.ActiveCfg = Release_SBCS|Win32
		{F1351ED3-CE5F-4D02-800C-1695330F7F3A}.Release_SBCS|Win32.Build.0 = Release_SBCS|Win32
		{F1351ED3-CE5F-4D02-800C-1695330F7F3A}.Release_Unicode_MFC|Win32.ActiveCfg = Release_Unicode|Win32
		{F1351ED3-CE5F-4D02-800C-1695330F7F3A}.Release_Unicode_MFC|Win32.Build.0 = Release_Unicode|Win32
		{F1351ED3-CE5F-4D02-800C-1695330F7F3A}.Release_Unicode|Win32.ActiveCfg = Release_Unicode|Win32
		{F1351ED3-CE5F-4D02-800C-1695330F7F3A}.Release_Unicode|Win32.Build.0 = Release_Unicode|Win32
		{F1351ED3-CE5F-4D02-800C-1695330F7F3A}.Release|Win32.ActiveCfg = Release_SBCS|Win32
		{F1351ED3-CE5F-4D02-800C-1695330F7F3A}.Release|Win32.Build.0 = Release_SBCS|Win32
		{573A0AEE-B8B2-46AF-AF1F-BB39591D9F2D}.Debug_SBCS_MFC|Win32.ActiveCfg = Debug_SBCS|Win32
		{573A0AEE-B8B2-46AF-AF1F-BB39591D9F2D}.Debug_SBCS_MFC|Win32.Build.0 = Debug_SBCS|Win32
		{573A0AEE-B8B2-46AF-AF1F-BB39591D9F2D}.Debug_SBCS|Win32.ActiveCfg = Debug_SBCS|Win32
		{573A0AEE-B8B2-46AF-AF1F-BB39591D9F2D}.Debug_SBCS|Win32.Build.0 = Debug_SBCS|Win32
		{573A0AEE-B8B2-46AF-AF1F-BB39591D9F2D}.Debug_Unicode_MFC|Win32.ActiveCfg = Debug_Unicode|Win32
		{573A0AEE-B8B2-46AF-AF1F-BB39591D9F2D}.Debug_Unicode_MFC|Win32.Build.0 = Debug_Unicode|Win32
		{573A0AEE-B8B2-46AF-AF1F-BB39591D9F2D}.Debug_Unicode|Win32.ActiveCfg = Debug_Unicode|Win32
		{573A0AEE-B8B2-46AF-AF1F-BB39591D9F2D}.Debug_Unicode|Win32.Build.0 = Debug_Unicode|Win32
		{573A0AEE-B8B2-46AF-AF1F-BB39591D9F2D}.Debug|Win32.ActiveCfg = Debug_Unicode|Win32
		{573A0AEE-B8B2-46AF-AF1F-BB39591D9F2D}.Debug|Win32.Build.0 = Debug_Unicode|Win32
		{573A0AEE-B8B2-46AF-AF1F-BB39591D9F2D}.Release_SBCS_MFC|Win32.ActiveCfg = Release_SBCS|Win32
		{573A0AEE-B8B2-46AF-AF1F-BB39591D9F2D}.Release_SBCS_MFC|Win32.Build.0 = Release_SBCS|Win32
		{573A0AEE-B8B2-46AF-AF1F-BB39591D9F2D}.Release_SBCS|Win32.ActiveCfg = Release_SBCS|Win32
		{573A0AEE-B8B2-46AF-AF1F-BB39591D9F2D}.Release_SBCS|Win32.Build.0 = Release_SBCS|Win32
		{573A0AEE-B8B2-46AF-AF1F-BB39591D9F2D}.Release_Unicode_MFC|Win32.ActiveCfg = Release_Unicode|Win32
		{573A0AEE-B8B2-46AF-AF1F-BB39591D9F2D}.Release_Unicode_MFC|Win32.Build.0 = Release_Unicode|Win32
		{573A0AEE-B8B2-46AF-AF1F-BB39591D9F2D}.Release_Unicode|Win32.ActiveCfg = Release_Unicode|Win32
		{573A0AEE-B8B2-46AF-AF1F-BB39591D9F2D}.Release_Unicode|Win32.Build.0 = Release_Unicode|Win32
		{573A0AEE-B8B2-46AF-AF1F-BB39591D9F2D}.Release|Win32.ActiveCfg = Release_SBCS|Win32
		{573A0AEE-B8B2-46AF-AF1F-BB39591D9F2D}.Release|Win32.Build.0 = Release_SBCS|Win32
		{513F1CD8-0600-43F3-818F-B7D0CB21A941}.Debug_SBCS_MFC|Win32.ActiveCfg = Debug_SBCS|Win32
		{513F1CD8-0600-43F3-818F-B7D0CB21A941}.Debug_SBCS_MFC|Win32.Build.0 = Debug_SBCS|Win32
		{513F1CD8-0600-43F3-818F-B7D0CB21A941}.Debug_SBCS|Win32.ActiveCfg = Debug_SBCS|Win32
		{513F1CD8-0600-43F3-818F-B7D0CB21A941}.Debug_SBCS|Win32.Build.0 = Debug_SBCS|Win32
		{513F1CD8-0600-43F3-818F-B7D0CB21A941}.Debug_Unicode_MFC|Win32.ActiveCfg = Debug_Unicode|Win32
		{513F1CD8-0600-43F3-818F-B7D0CB21A941}.Debug_Unicode_MFC|Win32.Build.0 = Debug_Unicode|Win32
		{513F1CD8-0600-43F3-818F-B7D0CB21A941}.Debug_Unicode|Win32.ActiveCfg = Debug_Unicode|Win32
		{513F1CD8-0600-43F3-818F-B7D0CB21A941}.Debug_Unicode|Win32.Build.0 = Debug_Unicode|Win32
		{513F1CD8-0600-43F3-818F-B7D0CB21A941}.Debug|Win32.ActiveCfg = Debug_Unicode|Win32
		{513F1CD8-0600-43F3-818F-B7D0CB21A941}.Debug|Win32.Build.0 = Debug_Unicode|Win32
		{513F1CD8-0600-43F3-818F-B7D0CB21A941}.Release_SBCS_MFC|Win32.ActiveCfg = Release_SBCS|Win32
		{513F1CD8-0600-43F3-818F-B7D0CB21A941}.Release_SBCS_MFC|Win32.Build.0 = Release_SBCS|Win32
		{513F1CD8-0600-43F3-818F-B7D0CB21A941}.Release_SBCS|Win32.ActiveCfg = Release_SBCS|Win32
		{513F1CD8-0600-43F3-818F-B7D0CB21A941}.Release_SBCS|Win32.Build.0 = Release_SBCS|Win32
		{513F1CD8-0600-43F3-818F-B7D0CB21A941}.Release_Unicode_MFC|Win32.ActiveCfg = Release_Unicode|Win32
		{513F1CD8-0600-43F3-818F-B7D0CB21A941}.Release_Unicode_MFC|Win32.Build.0 = Release_Unicode|Win32
		{513F1CD8-0600-43F3-818F-B7D0CB21A941}.Release_Unicode|Win32.ActiveCfg = Release_Unicode|Win32
		{513F1CD8-0600-43F3-818F-B7D0CB21A941}.Release_Unicode|Win32.Build.0 = Release_Unicode|Win32
		{513F1CD8-0600-43F3-818F-B7D0CB21A941}.Release|Win32.ActiveCfg = Release_Unicode|Win32
		{513F1CD8-0600-43F3-818F-B7D0CB21A941}.Release|Win32.Build.0 = Release_Unicode|Win32
		{2EAB0B99-F92B-403F-A312-303B7DD34337}.Debug_SBCS_MFC|Win32.ActiveCfg = Debug_SBCS|Win32
		{2EAB0B99-F92B-403F-A312-303B7DD34337}.Debug_SBCS_MFC|Win32.Build.0 = Debug_SBCS|Win32
		{2EAB0B99-F92B-403F-A312-303B7DD34337}.Debug_SBCS|Win32.ActiveCfg = Debug_SBCS|Win32
		{2EAB0B99-F92B-403F-A312-303B7DD34337}.Debug_SBCS|Win32.Build.0 = Debug_SBCS|Win32
		{2EAB0B99-F92B-403F-A312-303B7DD34337}.Debug_Unicode_MFC|Win32.ActiveCfg = Debug_Unicode|Win32
		{2EAB0B99-F92B-403F-A312-303B7DD34337}.Debug_Unicode_MFC|Win32.Build.0 = Debug_Unicode|Win32
		{2EAB0B99-F92B-403F-A312-303B7DD34337}.Debug_Unicode|Win32.ActiveCfg = Debug_Unicode|Win32
		{2EAB0B99-F92B-403F-A312-303B7DD34337}.Debug_Unicode|Win32.Build.0 = Debug_Unicode|Win32
		{2EAB0B99-F92B-403F-A312-303B7DD34337}.Debug|Win32.ActiveCfg = Debug_Unicode|Win32
		{2EAB0B99-F92B-403F-A312-303B7DD34337}.Debug|Win32.Build.0 = Debug_Unicode|Win32
		{2EAB0B99-F92B-403F-A312-303B7DD34337}.Release_SBCS_MFC|Win32.ActiveCfg = Release_SBCS|Win32
		{2EAB0B99-F92B-403F-A312-303B7DD34337}.Release_SBCS_MFC|Win32.Build.0 = Release_SBCS|Win32
		{2EAB0B99-F92B-403F-A312-303B7DD34337}.Release_SBCS|Win32.ActiveCfg = Release_SBCS|Win32
		{2EAB0B99-F92B-403F-A312-303B7DD34337}.Release_SBCS|Win32.Build.0 = Release_SBCS|Win32
		{2EAB0B99-F92B-403F-A312-303B7DD34337}.Release_Unicode_MFC|Win32.ActiveCfg = Release_Unicode|Win32
		{2EAB0B99-F92B-403F-A312-303B7DD34337}.Release_Unicode_MFC|Win32.Build.0 = Release_Unicode|Win32
		{2EAB0B99-F92B-403F-A312-303B7DD34337}.Release_Unicode|Win32.ActiveCfg = Release_Unicode|Win32
		{2EAB0B99-F92B-403F-A312-303B7DD34337}.Release_Unicode|Win32.Build.0 = Release_Unicode|Win32
		{2EAB0B99-F92B-403F-A312-303B7DD34337}.Release|Win32.ActiveCfg = Release_Unicode|Win32
		{2EAB0B99-F92B-403F-A312-303B7DD34337}.Release|Win32.Build.0 = Release_Unicode|Win32
		{C8E6F84B-F415-458D-BCC8-CD2DFAA3A8AA}.Debug_SBCS_MFC|Win32.ActiveCfg = Debug_SBCS|Win32
		{C8E6F84B-F415-458D-BCC8-CD2DFAA3A8AA}.Debug_SBCS_MFC|Win32.Build.0 = Debug_SBCS|Win32
		{C8E6F84B-F415-458D-BCC8-CD2DFAA3A8AA}.Debug_SBCS|Win32.ActiveCfg = Debug_SBCS|Win32
		{C8E6F84B-F415-458D-BCC8-CD2DFAA3A8AA}.Debug_SBCS|Win32.Build.0 = Debug_SBCS|Win32
		{C8E6F84B-F415-458D-BCC8-CD2DFAA3A8AA}.Debug_Unicode_MFC|Win32.ActiveCfg = Debug_SBCS|Win32
		{C8E6F84B-F415-458D-BCC8-CD2DFAA3A8AA}.Debug_Unicode_MFC|Win32.Build.0 = Debug_SBCS|Win32
		{C8E6F84B-F415-458D-BCC8-CD2DFAA3A8AA}.Debug_Unicode|Win32.ActiveCfg = Debug_SBCS|Win32
		{C8E6F84B-F415-458D-BCC8-CD2DFAA3A8AA}.Debug_Unicode|Win32.Build.0 = Debug_SBCS|Win32
		{C8E6F84B-F415-458D-BCC8-CD2DFAA3A8AA}.Debug|Win32.ActiveCfg = Debug_SBCS|Win32
		{C8E6F84B-F415-458D-BCC8-CD2DFAA3A8AA}.Debug|Win32.Build.0 = Debug_SBCS|Win32
		{C8E6F84B-F415-458D-BCC8-CD2DFAA3A8AA}.Release_SBCS_MFC|Win32.ActiveCfg = Release_SBCS|Win32
		{C8E6F84B-F415-458D-BCC8-CD2DFAA3A8AA}.Release_SBCS_MFC|Win32.Build.0 = Release_SBCS|Win32
		{C8E6F84B-F415-458D-BCC8-CD2DFAA3A8AA}.Release_SBCS|Win32.ActiveCfg = Release_SBCS|Win32
		{C8E6F84B-F415-458D-BCC8-CD2DFAA3A8AA}.Release_SBCS|Win32.Build.0 = Release_SBCS|Win32
		{C8E6F84B-F415-458D-BCC8-CD2DFAA3A8AA}.Release_Unicode_MFC|Win32.ActiveCfg = Release_SBCS|Win32
		{C8E6F84B-F415-458D-BCC8-CD2DFAA3A8AA}.Release_Unicode_MFC|Win32.Build.0 = Release_SBCS|Win32
		{C8E6F84B-F415-458D-BCC8-CD2DFAA3A8AA}.Release_Unicode|Win32.ActiveCfg = Release_SBCS|Win32
		{C8E6F84B-F415-458D-BCC8-CD2DFAA3A8AA}.Release_Unicode|Win32.Build.0 = Release_SBCS|Win32
		{C8E6F84B-F415-458D-BCC8-CD2DFAA3A8AA}.Release|Win32.ActiveCfg = Release_SBCS|Win32
		{C8E6F84B-F415-458D-BCC8-CD2DFAA3A8AA}.Release|Win32.Build.0 = Release_SBCS|Win32
		{A09C7AF7-9DBA-496B-943A-2228927853D7}.Debug_SBCS_MFC|Win32.ActiveCfg = Debug_SBCS|Win32
		{A09C7AF7-9DBA-496B-943A-2228927853D7}.Debug_SBCS_MFC|Win32.Build.0 = Debug_SBCS|Win32
		{A09C7AF7-9DBA-496B-943A-2228927853D7}.Debug_SBCS|Win32.ActiveCfg = Debug_SBCS|Win32
		{A09C7AF7-9DBA-496B-943A-2228927853D7}.Debug_SBCS|Win32.Build.0 = Debug_SBCS|Win32
		{A09C7AF7-9DBA-496B-943A-2228927853D7}.Debug_Unicode_MFC|Win32.ActiveCfg = Debug_Unicode|Win32
		{A09C7AF7-9DBA-496B-943A-2228927853D7}.Debug_Unicode_MFC|Win32.Build.0 = Debug_Unicode|Win32
		{A09C7AF7-9DBA-496B-943A-2228927853D7}.Debug_Unicode|Win32.ActiveCfg = Debug_Unicode|Win32
		{A09C7AF7-9DBA-496B-943A-2228927853D7}.Debug_Unicode|Win32.Build.0 = Debug_Unicode|Win32
		{A09C7AF7-9DBA-496B-943A-2228927853D7}.Debug|Win32.ActiveCfg = Debug_Unicode|Win32
		{A09C7AF7-9DBA-496B-943A-2228927853D7}.Debug|Win32.Build.0 = Debug_Unicode|Win32
		{A09C7AF7-9DBA-496B-943A-2228927853D7}.Release_SBCS_MFC|Win32.ActiveCfg = Release_SBCS|Win32
		{A09C7AF7-9DBA-496B-943A-2228927853D7}.Release_SBCS_MFC|Win32.Build.0 = Release_SBCS|Win32
		{A09C7AF7-9DBA-496B-943A-2228927853D7}.Release_SBCS|Win32.ActiveCfg = Release_SBCS|Win32
		{A09C7AF7-9DBA-496B-943A-2228927853D7}.Release_SBCS|Win32.Build.0 = Release_SBCS|Win32
		{A09C7AF7-9DBA-496B-943A-2228927853D7}.Release_Unicode_MFC|Win32.ActiveCfg = Release_Unicode|Win32
		{A09C7AF7-9DBA-496B-943A-2228927853D7}.Release_Unicode_MFC|Win32.Build.0 = Release_Unicode|Win32
		{A09C7AF7-9DBA-496B-943A-2228927853D7}.Release_Unicode|Win32.ActiveCfg = Release_Unicode|Win32
		{A09C7AF7-9DBA-496B-943A-2228927853D7}.Release_Unicode|Win32.Build.0 = Release_Unicode|Win32
		{A09C7AF7-9DBA-496B-943A-2228927853D7}.Release|Win32.ActiveCfg = Release_Unicode|Win32
		{A09C7AF7-9DBA-496B-943A-2228927853D7}.Release|Win32.Build.0 = Release_Unicode|Win32
		{DA5464C8-6D17-4D73-8299-35719436979D}.Debug_SBCS_MFC|Win32.ActiveCfg = Debug_SBCS|Win32
		{DA5464C8-6D17-4D73-8299-35719436979D}.Debug_SBCS_MFC|Win32.Build.0 = Debug_SBCS|Win32
		{DA5464C8-6D17-4D73-8299-35719436979D}.Debug_SBCS|Win32.ActiveCfg = Debug_SBCS|Win32
		{DA5464C8-6D17-4D73-8299-35719436979D}.Debug_SBCS|Win32.Build.0 = Debug_SBCS|Win32
		{DA5464C8-6D17-4D73-8299-35719436979D}.Debug_Unicode_MFC|Win32.ActiveCfg = Debug_Unicode|Win32
		{DA5464C8-6D17-4D73-8299-35719436979D}.Debug_Unicode_MFC|Win32.Build.0 = Debug_Unicode|Win32
		{DA5464C8-6D17-4D73-8299-35719436979D}.Debug_Unicode|Win32.ActiveCfg = Debug_Unicode|Win32
		{DA5464C8-6D17-4D73-8299-35719436979D}.Debug_Unicode|Win32.Build.0 = Debug_Unicode|Win32
		{DA5464C8-6D17-4D73-8299-35719436979D}.Debug|Win32.ActiveCfg = Debug_Unicode|Win32
		{DA5464C8-6D17-4D73-8299-35719436979D}.Debug|Win32.Build.0 = Debug_Unicode|Win32
		{DA5464C8-6D17-4D73-8299-35719436979D}.Release_SBCS_MFC|Win32.ActiveCfg = Release_SBCS|Win32
		{DA5464C8-6D17-4D73-8299-35719436979D}.Release_SBCS_MFC|Win32.Build.0 = Release_SBCS|Win32
		{DA5464C8-6D17-4D73-8299-35719436979D}.Release_SBCS|Win32.ActiveCfg = Release_SBCS|Win32
		{DA5464C8-6D17-4D73-8299-35719436979D}.Release_SBCS|Win32.Build.0 = Release_SBCS|Win32
		{DA5464C8-6D17-4D73-8299-35719436979D}.Release_Unicode_MFC|Win32.ActiveCfg = Release_Unicode|Win32
		{DA5464C8-6D17-4D73-8299-35719436979D}.Release_Unicode_MFC|Win32.Build.0 = Release_Unicode|Win32
		{DA5464C8-6D17-4D73-8299-35719436979D}.Release_Unicode|Win32.ActiveCfg = Release_Unicode|Win32
		{DA5464C8-6D17-4D73-8299-35719436979D}.Release_Unicode|Win32.Build.0 = Release_Unicode|Win32
		{DA5464C8-6D17-4D73-8299-35719436979D}.Release|Win32.ActiveCfg = Release_Unicode|Win32
		{DA5464C8-6D17-4D73-8299-35719436979D}.Release|Win32.Build.0 = Release_Unicode|Win32
	EndGlobalSection
	GlobalSection(SolutionProperties) = preSolution
		HideSolutionNode = FALSE
	EndGlobalSection
EndGlobal
