Microsoft Visual Studio Solution File, Format Version 10.00
# Visual Studio 2008
Project("{2150E333-8FDC-42A3-9474-1A3956D46DE8}") = "Solution Items", "Solution Items", "{8281595A-5F67-4BC3-BB99-3CD5B898274B}"
	ProjectSection(SolutionItems) = preProject
		_Samples.txt = _Samples.txt
		_Samples.vsmdi = _Samples.vsmdi
		..\..\..\BabylonLib.txt = ..\..\..\BabylonLib.txt
		LocalTestRun.testrunconfig = LocalTestRun.testrunconfig
	EndProjectSection
EndProject
Project("{8BC9CEB8-8B4A-11D0-8D11-00A0C91BC942}") = "Assert", "Assert\Assert.vcproj", "{BD93E42E-2C09-4313-9743-FC9D50E5FC0C}"
EndProject
Project("{8BC9CEB8-8B4A-11D0-8D11-00A0C91BC942}") = "Complex", "Complex\Complex.vcproj", "{99F6D0D6-31A5-430B-85A3-F897C6A476F8}"
EndProject
Project("{8BC9CEB8-8B4A-11D0-8D11-00A0C91BC942}") = "DateTime", "DateTime\DateTime.vcproj", "{95BA43FB-F558-4FBA-A7AC-567FCB0F3DC6}"
EndProject
Project("{8BC9CEB8-8B4A-11D0-8D11-00A0C91BC942}") = "Numeric", "Numeric\Numeric.vcproj", "{D10B576A-27A0-4C6F-A213-958176FC4DE6}"
EndProject
Project("{8BC9CEB8-8B4A-11D0-8D11-00A0C91BC942}") = "StdLib", "StdLib\StdLib.vcproj", "{7D4D1375-C502-4930-BA80-C83F9B211413}"
EndProject
Project("{8BC9CEB8-8B4A-11D0-8D11-00A0C91BC942}") = "StreamIO", "StreamIO\StreamIO.vcproj", "{C9BCB67C-6CD3-487E-A3A3-8FAACE2C6168}"
EndProject
Project("{8BC9CEB8-8B4A-11D0-8D11-00A0C91BC942}") = "StringDyn", "StringDyn\StringDyn.vcproj", "{0BB4F716-4539-4BD4-A9B0-A585E259256C}"
EndProject
Project("{8BC9CEB8-8B4A-11D0-8D11-00A0C91BC942}") = "Strings", "Strings\Strings.vcproj", "{56622C63-980D-451D-8C58-07F2653B4174}"
EndProject
Project("{8BC9CEB8-8B4A-11D0-8D11-00A0C91BC942}") = "Utilities", "Utilities\Utilities.vcproj", "{DFC7977F-91A0-4374-99BE-8C21C032490B}"
EndProject
Project("{8BC9CEB8-8B4A-11D0-8D11-00A0C91BC942}") = "_LibraryTest", "_LibraryTest\_LibraryTest.vcproj", "{A7D10171-A990-4E23-9740-8C8496C29DBD}"
EndProject
Project("{8BC9CEB8-8B4A-11D0-8D11-00A0C91BC942}") = "_SrcPoolCpp", "..\..\_SrcPool.vcproj", "{B3DC2A0B-9D6F-405B-9F9B-2A6C8AF10CFD}"
EndProject
Project("{8BC9CEB8-8B4A-11D0-8D11-00A0C91BC942}") = "Console", "Console\Console.vcproj", "{533C43D2-3A63-4754-9BAD-B07F62AB4166}"
EndProject
Project("{8BC9CEB8-8B4A-11D0-8D11-00A0C91BC942}") = "HtmlIO", "HtmlIO\HtmlIO.vcproj", "{C41801C3-6E9B-46D1-85ED-EE624BA94BF2}"
EndProject
Project("{8BC9CEB8-8B4A-11D0-8D11-00A0C91BC942}") = "Service", "Service\Service.vcproj", "{0E341E09-4B98-459F-9C33-DCDB8E7714DC}"
EndProject
Project("{8BC9CEB8-8B4A-11D0-8D11-00A0C91BC942}") = "Random", "Random\Random.vcproj", "{216ACF6A-B2F5-4D5B-930B-FB4B135A92D0}"
EndProject
Project("{8BC9CEB8-8B4A-11D0-8D11-00A0C91BC942}") = "StlTools", "StlTools\StlTools.vcproj", "{5FAC5B84-60A4-4D8A-BC2F-652C709DE8AE}"
EndProject
Project("{8BC9CEB8-8B4A-11D0-8D11-00A0C91BC942}") = "SerialIO", "SerialIO\SerialIO.vcproj", "{FCE8D72D-CC69-4563-B284-A1D2DAD7B3E6}"
EndProject
Project("{8BC9CEB8-8B4A-11D0-8D11-00A0C91BC942}") = "Usb", "Usb\Usb.vcproj", "{2930C64A-5BC8-4D50-B2DE-AE3B8B403708}"
EndProject
Project("{8BC9CEB8-8B4A-11D0-8D11-00A0C91BC942}") = "WmpTag7", "WmpTag\WmpTag.vcproj", "{8D00A328-D396-4960-8013-9C935DE4FB4A}"
EndProject
Project("{8BC9CEB8-8B4A-11D0-8D11-00A0C91BC942}") = "TestUtilities", "TestUtilities\TestUtilities.vcproj", "{6FB04691-53F9-4C80-A7DB-31B83E083EEE}"
EndProject
Global
	GlobalSection(TestCaseManagementSettings) = postSolution
		CategoryFile = _Samples.vsmdi
	EndGlobalSection
	GlobalSection(SolutionConfigurationPlatforms) = preSolution
		Debug_MBCS_MFC|Win32 = Debug_MBCS_MFC|Win32
		Debug_MBCS|Win32 = Debug_MBCS|Win32
		Debug_SBCS_MFC|Win32 = Debug_SBCS_MFC|Win32
		Debug_SBCS|Win32 = Debug_SBCS|Win32
		Debug_Unicode_MFC|Win32 = Debug_Unicode_MFC|Win32
		Debug_Unicode|Win32 = Debug_Unicode|Win32
		Debug|Win32 = Debug|Win32
		Release_MBCS|Win32 = Release_MBCS|Win32
		Release_SBCS_MFC|Win32 = Release_SBCS_MFC|Win32
		Release_SBCS|Win32 = Release_SBCS|Win32
		Release_Unicode_MFC|Win32 = Release_Unicode_MFC|Win32
		Release_Unicode|Win32 = Release_Unicode|Win32
		Release|Win32 = Release|Win32
	EndGlobalSection
	GlobalSection(ProjectConfigurationPlatforms) = postSolution
		{BD93E42E-2C09-4313-9743-FC9D50E5FC0C}.Debug_MBCS_MFC|Win32.ActiveCfg = Debug_MBCS|Win32
		{BD93E42E-2C09-4313-9743-FC9D50E5FC0C}.Debug_MBCS_MFC|Win32.Build.0 = Debug_MBCS|Win32
		{BD93E42E-2C09-4313-9743-FC9D50E5FC0C}.Debug_MBCS|Win32.ActiveCfg = Debug_MBCS|Win32
		{BD93E42E-2C09-4313-9743-FC9D50E5FC0C}.Debug_MBCS|Win32.Build.0 = Debug_MBCS|Win32
		{BD93E42E-2C09-4313-9743-FC9D50E5FC0C}.Debug_SBCS_MFC|Win32.ActiveCfg = Debug_SBCS_MFC|Win32
		{BD93E42E-2C09-4313-9743-FC9D50E5FC0C}.Debug_SBCS_MFC|Win32.Build.0 = Debug_SBCS_MFC|Win32
		{BD93E42E-2C09-4313-9743-FC9D50E5FC0C}.Debug_SBCS|Win32.ActiveCfg = Debug_SBCS|Win32
		{BD93E42E-2C09-4313-9743-FC9D50E5FC0C}.Debug_SBCS|Win32.Build.0 = Debug_SBCS|Win32
		{BD93E42E-2C09-4313-9743-FC9D50E5FC0C}.Debug_Unicode_MFC|Win32.ActiveCfg = Debug_Unicode_MFC|Win32
		{BD93E42E-2C09-4313-9743-FC9D50E5FC0C}.Debug_Unicode_MFC|Win32.Build.0 = Debug_Unicode_MFC|Win32
		{BD93E42E-2C09-4313-9743-FC9D50E5FC0C}.Debug_Unicode|Win32.ActiveCfg = Debug_Unicode|Win32
		{BD93E42E-2C09-4313-9743-FC9D50E5FC0C}.Debug_Unicode|Win32.Build.0 = Debug_Unicode|Win32
		{BD93E42E-2C09-4313-9743-FC9D50E5FC0C}.Debug|Win32.ActiveCfg = Debug_MBCS|Win32
		{BD93E42E-2C09-4313-9743-FC9D50E5FC0C}.Debug|Win32.Build.0 = Debug_MBCS|Win32
		{BD93E42E-2C09-4313-9743-FC9D50E5FC0C}.Release_MBCS|Win32.ActiveCfg = Release_Unicode|Win32
		{BD93E42E-2C09-4313-9743-FC9D50E5FC0C}.Release_MBCS|Win32.Build.0 = Release_Unicode|Win32
		{BD93E42E-2C09-4313-9743-FC9D50E5FC0C}.Release_SBCS_MFC|Win32.ActiveCfg = Release_SBCS_MFC|Win32
		{BD93E42E-2C09-4313-9743-FC9D50E5FC0C}.Release_SBCS_MFC|Win32.Build.0 = Release_SBCS_MFC|Win32
		{BD93E42E-2C09-4313-9743-FC9D50E5FC0C}.Release_SBCS|Win32.ActiveCfg = Release_SBCS|Win32
		{BD93E42E-2C09-4313-9743-FC9D50E5FC0C}.Release_SBCS|Win32.Build.0 = Release_SBCS|Win32
		{BD93E42E-2C09-4313-9743-FC9D50E5FC0C}.Release_Unicode_MFC|Win32.ActiveCfg = Release_Unicode_MFC|Win32
		{BD93E42E-2C09-4313-9743-FC9D50E5FC0C}.Release_Unicode_MFC|Win32.Build.0 = Release_Unicode_MFC|Win32
		{BD93E42E-2C09-4313-9743-FC9D50E5FC0C}.Release_Unicode|Win32.ActiveCfg = Release_Unicode|Win32
		{BD93E42E-2C09-4313-9743-FC9D50E5FC0C}.Release_Unicode|Win32.Build.0 = Release_Unicode|Win32
		{BD93E42E-2C09-4313-9743-FC9D50E5FC0C}.Release|Win32.ActiveCfg = Release_Unicode|Win32
		{BD93E42E-2C09-4313-9743-FC9D50E5FC0C}.Release|Win32.Build.0 = Release_Unicode|Win32
		{99F6D0D6-31A5-430B-85A3-F897C6A476F8}.Debug_MBCS_MFC|Win32.ActiveCfg = Debug_MBCS|Win32
		{99F6D0D6-31A5-430B-85A3-F897C6A476F8}.Debug_MBCS_MFC|Win32.Build.0 = Debug_MBCS|Win32
		{99F6D0D6-31A5-430B-85A3-F897C6A476F8}.Debug_MBCS|Win32.ActiveCfg = Debug_MBCS|Win32
		{99F6D0D6-31A5-430B-85A3-F897C6A476F8}.Debug_MBCS|Win32.Build.0 = Debug_MBCS|Win32
		{99F6D0D6-31A5-430B-85A3-F897C6A476F8}.Debug_SBCS_MFC|Win32.ActiveCfg = Debug_SBCS|Win32
		{99F6D0D6-31A5-430B-85A3-F897C6A476F8}.Debug_SBCS_MFC|Win32.Build.0 = Debug_SBCS|Win32
		{99F6D0D6-31A5-430B-85A3-F897C6A476F8}.Debug_SBCS|Win32.ActiveCfg = Debug_SBCS|Win32
		{99F6D0D6-31A5-430B-85A3-F897C6A476F8}.Debug_SBCS|Win32.Build.0 = Debug_SBCS|Win32
		{99F6D0D6-31A5-430B-85A3-F897C6A476F8}.Debug_Unicode_MFC|Win32.ActiveCfg = Debug_Unicode|Win32
		{99F6D0D6-31A5-430B-85A3-F897C6A476F8}.Debug_Unicode_MFC|Win32.Build.0 = Debug_Unicode|Win32
		{99F6D0D6-31A5-430B-85A3-F897C6A476F8}.Debug_Unicode|Win32.ActiveCfg = Debug_Unicode|Win32
		{99F6D0D6-31A5-430B-85A3-F897C6A476F8}.Debug_Unicode|Win32.Build.0 = Debug_Unicode|Win32
		{99F6D0D6-31A5-430B-85A3-F897C6A476F8}.Debug|Win32.ActiveCfg = Debug_MBCS|Win32
		{99F6D0D6-31A5-430B-85A3-F897C6A476F8}.Debug|Win32.Build.0 = Debug_MBCS|Win32
		{99F6D0D6-31A5-430B-85A3-F897C6A476F8}.Release_MBCS|Win32.ActiveCfg = Release_SBCS|Win32
		{99F6D0D6-31A5-430B-85A3-F897C6A476F8}.Release_MBCS|Win32.Build.0 = Release_SBCS|Win32
		{99F6D0D6-31A5-430B-85A3-F897C6A476F8}.Release_SBCS_MFC|Win32.ActiveCfg = Release_SBCS|Win32
		{99F6D0D6-31A5-430B-85A3-F897C6A476F8}.Release_SBCS_MFC|Win32.Build.0 = Release_SBCS|Win32
		{99F6D0D6-31A5-430B-85A3-F897C6A476F8}.Release_SBCS|Win32.ActiveCfg = Release_SBCS|Win32
		{99F6D0D6-31A5-430B-85A3-F897C6A476F8}.Release_SBCS|Win32.Build.0 = Release_SBCS|Win32
		{99F6D0D6-31A5-430B-85A3-F897C6A476F8}.Release_Unicode_MFC|Win32.ActiveCfg = Release_Unicode|Win32
		{99F6D0D6-31A5-430B-85A3-F897C6A476F8}.Release_Unicode_MFC|Win32.Build.0 = Release_Unicode|Win32
		{99F6D0D6-31A5-430B-85A3-F897C6A476F8}.Release_Unicode|Win32.ActiveCfg = Release_Unicode|Win32
		{99F6D0D6-31A5-430B-85A3-F897C6A476F8}.Release_Unicode|Win32.Build.0 = Release_Unicode|Win32
		{99F6D0D6-31A5-430B-85A3-F897C6A476F8}.Release|Win32.ActiveCfg = Release_SBCS|Win32
		{99F6D0D6-31A5-430B-85A3-F897C6A476F8}.Release|Win32.Build.0 = Release_SBCS|Win32
		{95BA43FB-F558-4FBA-A7AC-567FCB0F3DC6}.Debug_MBCS_MFC|Win32.ActiveCfg = Debug_MBCS|Win32
		{95BA43FB-F558-4FBA-A7AC-567FCB0F3DC6}.Debug_MBCS_MFC|Win32.Build.0 = Debug_MBCS|Win32
		{95BA43FB-F558-4FBA-A7AC-567FCB0F3DC6}.Debug_MBCS|Win32.ActiveCfg = Debug_MBCS|Win32
		{95BA43FB-F558-4FBA-A7AC-567FCB0F3DC6}.Debug_MBCS|Win32.Build.0 = Debug_MBCS|Win32
		{95BA43FB-F558-4FBA-A7AC-567FCB0F3DC6}.Debug_SBCS_MFC|Win32.ActiveCfg = Debug_SBCS|Win32
		{95BA43FB-F558-4FBA-A7AC-567FCB0F3DC6}.Debug_SBCS_MFC|Win32.Build.0 = Debug_SBCS|Win32
		{95BA43FB-F558-4FBA-A7AC-567FCB0F3DC6}.Debug_SBCS|Win32.ActiveCfg = Debug_SBCS|Win32
		{95BA43FB-F558-4FBA-A7AC-567FCB0F3DC6}.Debug_SBCS|Win32.Build.0 = Debug_SBCS|Win32
		{95BA43FB-F558-4FBA-A7AC-567FCB0F3DC6}.Debug_Unicode_MFC|Win32.ActiveCfg = Debug_Unicode|Win32
		{95BA43FB-F558-4FBA-A7AC-567FCB0F3DC6}.Debug_Unicode_MFC|Win32.Build.0 = Debug_Unicode|Win32
		{95BA43FB-F558-4FBA-A7AC-567FCB0F3DC6}.Debug_Unicode|Win32.ActiveCfg = Debug_Unicode|Win32
		{95BA43FB-F558-4FBA-A7AC-567FCB0F3DC6}.Debug_Unicode|Win32.Build.0 = Debug_Unicode|Win32
		{95BA43FB-F558-4FBA-A7AC-567FCB0F3DC6}.Debug|Win32.ActiveCfg = Debug_MBCS|Win32
		{95BA43FB-F558-4FBA-A7AC-567FCB0F3DC6}.Debug|Win32.Build.0 = Debug_MBCS|Win32
		{95BA43FB-F558-4FBA-A7AC-567FCB0F3DC6}.Release_MBCS|Win32.ActiveCfg = Release_Unicode|Win32
		{95BA43FB-F558-4FBA-A7AC-567FCB0F3DC6}.Release_MBCS|Win32.Build.0 = Release_Unicode|Win32
		{95BA43FB-F558-4FBA-A7AC-567FCB0F3DC6}.Release_SBCS_MFC|Win32.ActiveCfg = Release_SBCS|Win32
		{95BA43FB-F558-4FBA-A7AC-567FCB0F3DC6}.Release_SBCS_MFC|Win32.Build.0 = Release_SBCS|Win32
		{95BA43FB-F558-4FBA-A7AC-567FCB0F3DC6}.Release_SBCS|Win32.ActiveCfg = Release_SBCS|Win32
		{95BA43FB-F558-4FBA-A7AC-567FCB0F3DC6}.Release_SBCS|Win32.Build.0 = Release_SBCS|Win32
		{95BA43FB-F558-4FBA-A7AC-567FCB0F3DC6}.Release_Unicode_MFC|Win32.ActiveCfg = Release_Unicode|Win32
		{95BA43FB-F558-4FBA-A7AC-567FCB0F3DC6}.Release_Unicode_MFC|Win32.Build.0 = Release_Unicode|Win32
		{95BA43FB-F558-4FBA-A7AC-567FCB0F3DC6}.Release_Unicode|Win32.ActiveCfg = Release_Unicode|Win32
		{95BA43FB-F558-4FBA-A7AC-567FCB0F3DC6}.Release_Unicode|Win32.Build.0 = Release_Unicode|Win32
		{95BA43FB-F558-4FBA-A7AC-567FCB0F3DC6}.Release|Win32.ActiveCfg = Release_Unicode|Win32
		{95BA43FB-F558-4FBA-A7AC-567FCB0F3DC6}.Release|Win32.Build.0 = Release_Unicode|Win32
		{D10B576A-27A0-4C6F-A213-958176FC4DE6}.Debug_MBCS_MFC|Win32.ActiveCfg = Debug_MBCS|Win32
		{D10B576A-27A0-4C6F-A213-958176FC4DE6}.Debug_MBCS_MFC|Win32.Build.0 = Debug_MBCS|Win32
		{D10B576A-27A0-4C6F-A213-958176FC4DE6}.Debug_MBCS|Win32.ActiveCfg = Debug_MBCS|Win32
		{D10B576A-27A0-4C6F-A213-958176FC4DE6}.Debug_MBCS|Win32.Build.0 = Debug_MBCS|Win32
		{D10B576A-27A0-4C6F-A213-958176FC4DE6}.Debug_SBCS_MFC|Win32.ActiveCfg = Debug_SBCS|Win32
		{D10B576A-27A0-4C6F-A213-958176FC4DE6}.Debug_SBCS_MFC|Win32.Build.0 = Debug_SBCS|Win32
		{D10B576A-27A0-4C6F-A213-958176FC4DE6}.Debug_SBCS|Win32.ActiveCfg = Debug_SBCS|Win32
		{D10B576A-27A0-4C6F-A213-958176FC4DE6}.Debug_SBCS|Win32.Build.0 = Debug_SBCS|Win32
		{D10B576A-27A0-4C6F-A213-958176FC4DE6}.Debug_Unicode_MFC|Win32.ActiveCfg = Debug_Unicode|Win32
		{D10B576A-27A0-4C6F-A213-958176FC4DE6}.Debug_Unicode_MFC|Win32.Build.0 = Debug_Unicode|Win32
		{D10B576A-27A0-4C6F-A213-958176FC4DE6}.Debug_Unicode|Win32.ActiveCfg = Debug_Unicode|Win32
		{D10B576A-27A0-4C6F-A213-958176FC4DE6}.Debug_Unicode|Win32.Build.0 = Debug_Unicode|Win32
		{D10B576A-27A0-4C6F-A213-958176FC4DE6}.Debug|Win32.ActiveCfg = Debug_MBCS|Win32
		{D10B576A-27A0-4C6F-A213-958176FC4DE6}.Debug|Win32.Build.0 = Debug_MBCS|Win32
		{D10B576A-27A0-4C6F-A213-958176FC4DE6}.Release_MBCS|Win32.ActiveCfg = Release_Unicode|Win32
		{D10B576A-27A0-4C6F-A213-958176FC4DE6}.Release_MBCS|Win32.Build.0 = Release_Unicode|Win32
		{D10B576A-27A0-4C6F-A213-958176FC4DE6}.Release_SBCS_MFC|Win32.ActiveCfg = Release_SBCS|Win32
		{D10B576A-27A0-4C6F-A213-958176FC4DE6}.Release_SBCS_MFC|Win32.Build.0 = Release_SBCS|Win32
		{D10B576A-27A0-4C6F-A213-958176FC4DE6}.Release_SBCS|Win32.ActiveCfg = Release_SBCS|Win32
		{D10B576A-27A0-4C6F-A213-958176FC4DE6}.Release_SBCS|Win32.Build.0 = Release_SBCS|Win32
		{D10B576A-27A0-4C6F-A213-958176FC4DE6}.Release_Unicode_MFC|Win32.ActiveCfg = Release_Unicode|Win32
		{D10B576A-27A0-4C6F-A213-958176FC4DE6}.Release_Unicode_MFC|Win32.Build.0 = Release_Unicode|Win32
		{D10B576A-27A0-4C6F-A213-958176FC4DE6}.Release_Unicode|Win32.ActiveCfg = Release_Unicode|Win32
		{D10B576A-27A0-4C6F-A213-958176FC4DE6}.Release_Unicode|Win32.Build.0 = Release_Unicode|Win32
		{D10B576A-27A0-4C6F-A213-958176FC4DE6}.Release|Win32.ActiveCfg = Release_Unicode|Win32
		{D10B576A-27A0-4C6F-A213-958176FC4DE6}.Release|Win32.Build.0 = Release_Unicode|Win32
		{7D4D1375-C502-4930-BA80-C83F9B211413}.Debug_MBCS_MFC|Win32.ActiveCfg = Debug_MBCS|Win32
		{7D4D1375-C502-4930-BA80-C83F9B211413}.Debug_MBCS_MFC|Win32.Build.0 = Debug_MBCS|Win32
		{7D4D1375-C502-4930-BA80-C83F9B211413}.Debug_MBCS|Win32.ActiveCfg = Debug_MBCS|Win32
		{7D4D1375-C502-4930-BA80-C83F9B211413}.Debug_MBCS|Win32.Build.0 = Debug_MBCS|Win32
		{7D4D1375-C502-4930-BA80-C83F9B211413}.Debug_SBCS_MFC|Win32.ActiveCfg = Debug_SBCS|Win32
		{7D4D1375-C502-4930-BA80-C83F9B211413}.Debug_SBCS_MFC|Win32.Build.0 = Debug_SBCS|Win32
		{7D4D1375-C502-4930-BA80-C83F9B211413}.Debug_SBCS|Win32.ActiveCfg = Debug_SBCS|Win32
		{7D4D1375-C502-4930-BA80-C83F9B211413}.Debug_SBCS|Win32.Build.0 = Debug_SBCS|Win32
		{7D4D1375-C502-4930-BA80-C83F9B211413}.Debug_Unicode_MFC|Win32.ActiveCfg = Debug_Unicode|Win32
		{7D4D1375-C502-4930-BA80-C83F9B211413}.Debug_Unicode_MFC|Win32.Build.0 = Debug_Unicode|Win32
		{7D4D1375-C502-4930-BA80-C83F9B211413}.Debug_Unicode|Win32.ActiveCfg = Debug_Unicode|Win32
		{7D4D1375-C502-4930-BA80-C83F9B211413}.Debug_Unicode|Win32.Build.0 = Debug_Unicode|Win32
		{7D4D1375-C502-4930-BA80-C83F9B211413}.Debug|Win32.ActiveCfg = Debug_MBCS|Win32
		{7D4D1375-C502-4930-BA80-C83F9B211413}.Debug|Win32.Build.0 = Debug_MBCS|Win32
		{7D4D1375-C502-4930-BA80-C83F9B211413}.Release_MBCS|Win32.ActiveCfg = Release_SBCS|Win32
		{7D4D1375-C502-4930-BA80-C83F9B211413}.Release_MBCS|Win32.Build.0 = Release_SBCS|Win32
		{7D4D1375-C502-4930-BA80-C83F9B211413}.Release_SBCS_MFC|Win32.ActiveCfg = Release_SBCS|Win32
		{7D4D1375-C502-4930-BA80-C83F9B211413}.Release_SBCS_MFC|Win32.Build.0 = Release_SBCS|Win32
		{7D4D1375-C502-4930-BA80-C83F9B211413}.Release_SBCS|Win32.ActiveCfg = Release_SBCS|Win32
		{7D4D1375-C502-4930-BA80-C83F9B211413}.Release_SBCS|Win32.Build.0 = Release_SBCS|Win32
		{7D4D1375-C502-4930-BA80-C83F9B211413}.Release_Unicode_MFC|Win32.ActiveCfg = Release_Unicode|Win32
		{7D4D1375-C502-4930-BA80-C83F9B211413}.Release_Unicode_MFC|Win32.Build.0 = Release_Unicode|Win32
		{7D4D1375-C502-4930-BA80-C83F9B211413}.Release_Unicode|Win32.ActiveCfg = Release_Unicode|Win32
		{7D4D1375-C502-4930-BA80-C83F9B211413}.Release_Unicode|Win32.Build.0 = Release_Unicode|Win32
		{7D4D1375-C502-4930-BA80-C83F9B211413}.Release|Win32.ActiveCfg = Release_SBCS|Win32
		{7D4D1375-C502-4930-BA80-C83F9B211413}.Release|Win32.Build.0 = Release_SBCS|Win32
		{C9BCB67C-6CD3-487E-A3A3-8FAACE2C6168}.Debug_MBCS_MFC|Win32.ActiveCfg = Debug_Unicode|Win32
		{C9BCB67C-6CD3-487E-A3A3-8FAACE2C6168}.Debug_MBCS_MFC|Win32.Build.0 = Debug_Unicode|Win32
		{C9BCB67C-6CD3-487E-A3A3-8FAACE2C6168}.Debug_MBCS|Win32.ActiveCfg = Debug_Unicode|Win32
		{C9BCB67C-6CD3-487E-A3A3-8FAACE2C6168}.Debug_MBCS|Win32.Build.0 = Debug_Unicode|Win32
		{C9BCB67C-6CD3-487E-A3A3-8FAACE2C6168}.Debug_SBCS_MFC|Win32.ActiveCfg = Debug_SBCS|Win32
		{C9BCB67C-6CD3-487E-A3A3-8FAACE2C6168}.Debug_SBCS_MFC|Win32.Build.0 = Debug_SBCS|Win32
		{C9BCB67C-6CD3-487E-A3A3-8FAACE2C6168}.Debug_SBCS|Win32.ActiveCfg = Debug_SBCS|Win32
		{C9BCB67C-6CD3-487E-A3A3-8FAACE2C6168}.Debug_SBCS|Win32.Build.0 = Debug_SBCS|Win32
		{C9BCB67C-6CD3-487E-A3A3-8FAACE2C6168}.Debug_Unicode_MFC|Win32.ActiveCfg = Debug_Unicode|Win32
		{C9BCB67C-6CD3-487E-A3A3-8FAACE2C6168}.Debug_Unicode_MFC|Win32.Build.0 = Debug_Unicode|Win32
		{C9BCB67C-6CD3-487E-A3A3-8FAACE2C6168}.Debug_Unicode|Win32.ActiveCfg = Debug_Unicode|Win32
		{C9BCB67C-6CD3-487E-A3A3-8FAACE2C6168}.Debug_Unicode|Win32.Build.0 = Debug_Unicode|Win32
		{C9BCB67C-6CD3-487E-A3A3-8FAACE2C6168}.Debug|Win32.ActiveCfg = Debug_Unicode|Win32
		{C9BCB67C-6CD3-487E-A3A3-8FAACE2C6168}.Debug|Win32.Build.0 = Debug_Unicode|Win32
		{C9BCB67C-6CD3-487E-A3A3-8FAACE2C6168}.Release_MBCS|Win32.ActiveCfg = Release_Unicode|Win32
		{C9BCB67C-6CD3-487E-A3A3-8FAACE2C6168}.Release_MBCS|Win32.Build.0 = Release_Unicode|Win32
		{C9BCB67C-6CD3-487E-A3A3-8FAACE2C6168}.Release_SBCS_MFC|Win32.ActiveCfg = Release_SBCS|Win32
		{C9BCB67C-6CD3-487E-A3A3-8FAACE2C6168}.Release_SBCS_MFC|Win32.Build.0 = Release_SBCS|Win32
		{C9BCB67C-6CD3-487E-A3A3-8FAACE2C6168}.Release_SBCS|Win32.ActiveCfg = Release_SBCS|Win32
		{C9BCB67C-6CD3-487E-A3A3-8FAACE2C6168}.Release_SBCS|Win32.Build.0 = Release_SBCS|Win32
		{C9BCB67C-6CD3-487E-A3A3-8FAACE2C6168}.Release_Unicode_MFC|Win32.ActiveCfg = Release_Unicode|Win32
		{C9BCB67C-6CD3-487E-A3A3-8FAACE2C6168}.Release_Unicode_MFC|Win32.Build.0 = Release_Unicode|Win32
		{C9BCB67C-6CD3-487E-A3A3-8FAACE2C6168}.Release_Unicode|Win32.ActiveCfg = Release_Unicode|Win32
		{C9BCB67C-6CD3-487E-A3A3-8FAACE2C6168}.Release_Unicode|Win32.Build.0 = Release_Unicode|Win32
		{C9BCB67C-6CD3-487E-A3A3-8FAACE2C6168}.Release|Win32.ActiveCfg = Release_Unicode|Win32
		{C9BCB67C-6CD3-487E-A3A3-8FAACE2C6168}.Release|Win32.Build.0 = Release_Unicode|Win32
		{0BB4F716-4539-4BD4-A9B0-A585E259256C}.Debug_MBCS_MFC|Win32.ActiveCfg = Debug_MBCS|Win32
		{0BB4F716-4539-4BD4-A9B0-A585E259256C}.Debug_MBCS_MFC|Win32.Build.0 = Debug_MBCS|Win32
		{0BB4F716-4539-4BD4-A9B0-A585E259256C}.Debug_MBCS|Win32.ActiveCfg = Debug_MBCS|Win32
		{0BB4F716-4539-4BD4-A9B0-A585E259256C}.Debug_MBCS|Win32.Build.0 = Debug_MBCS|Win32
		{0BB4F716-4539-4BD4-A9B0-A585E259256C}.Debug_SBCS_MFC|Win32.ActiveCfg = Debug_SBCS|Win32
		{0BB4F716-4539-4BD4-A9B0-A585E259256C}.Debug_SBCS_MFC|Win32.Build.0 = Debug_SBCS|Win32
		{0BB4F716-4539-4BD4-A9B0-A585E259256C}.Debug_SBCS|Win32.ActiveCfg = Debug_SBCS|Win32
		{0BB4F716-4539-4BD4-A9B0-A585E259256C}.Debug_SBCS|Win32.Build.0 = Debug_SBCS|Win32
		{0BB4F716-4539-4BD4-A9B0-A585E259256C}.Debug_Unicode_MFC|Win32.ActiveCfg = Debug_Unicode|Win32
		{0BB4F716-4539-4BD4-A9B0-A585E259256C}.Debug_Unicode_MFC|Win32.Build.0 = Debug_Unicode|Win32
		{0BB4F716-4539-4BD4-A9B0-A585E259256C}.Debug_Unicode|Win32.ActiveCfg = Debug_Unicode|Win32
		{0BB4F716-4539-4BD4-A9B0-A585E259256C}.Debug_Unicode|Win32.Build.0 = Debug_Unicode|Win32
		{0BB4F716-4539-4BD4-A9B0-A585E259256C}.Debug|Win32.ActiveCfg = Debug_Unicode|Win32
		{0BB4F716-4539-4BD4-A9B0-A585E259256C}.Debug|Win32.Build.0 = Debug_Unicode|Win32
		{0BB4F716-4539-4BD4-A9B0-A585E259256C}.Release_MBCS|Win32.ActiveCfg = Release_MBCS|Win32
		{0BB4F716-4539-4BD4-A9B0-A585E259256C}.Release_MBCS|Win32.Build.0 = Release_MBCS|Win32
		{0BB4F716-4539-4BD4-A9B0-A585E259256C}.Release_SBCS_MFC|Win32.ActiveCfg = Release_SBCS|Win32
		{0BB4F716-4539-4BD4-A9B0-A585E259256C}.Release_SBCS_MFC|Win32.Build.0 = Release_SBCS|Win32
		{0BB4F716-4539-4BD4-A9B0-A585E259256C}.Release_SBCS|Win32.ActiveCfg = Release_SBCS|Win32
		{0BB4F716-4539-4BD4-A9B0-A585E259256C}.Release_SBCS|Win32.Build.0 = Release_SBCS|Win32
		{0BB4F716-4539-4BD4-A9B0-A585E259256C}.Release_Unicode_MFC|Win32.ActiveCfg = Release_Unicode|Win32
		{0BB4F716-4539-4BD4-A9B0-A585E259256C}.Release_Unicode_MFC|Win32.Build.0 = Release_Unicode|Win32
		{0BB4F716-4539-4BD4-A9B0-A585E259256C}.Release_Unicode|Win32.ActiveCfg = Release_Unicode|Win32
		{0BB4F716-4539-4BD4-A9B0-A585E259256C}.Release_Unicode|Win32.Build.0 = Release_Unicode|Win32
		{0BB4F716-4539-4BD4-A9B0-A585E259256C}.Release|Win32.ActiveCfg = Release_Unicode|Win32
		{0BB4F716-4539-4BD4-A9B0-A585E259256C}.Release|Win32.Build.0 = Release_Unicode|Win32
		{56622C63-980D-451D-8C58-07F2653B4174}.Debug_MBCS_MFC|Win32.ActiveCfg = Debug_MBCS_MFC|Win32
		{56622C63-980D-451D-8C58-07F2653B4174}.Debug_MBCS_MFC|Win32.Build.0 = Debug_MBCS_MFC|Win32
		{56622C63-980D-451D-8C58-07F2653B4174}.Debug_MBCS|Win32.ActiveCfg = Debug_MBCS|Win32
		{56622C63-980D-451D-8C58-07F2653B4174}.Debug_MBCS|Win32.Build.0 = Debug_MBCS|Win32
		{56622C63-980D-451D-8C58-07F2653B4174}.Debug_SBCS_MFC|Win32.ActiveCfg = Debug_SBCS_MFC|Win32
		{56622C63-980D-451D-8C58-07F2653B4174}.Debug_SBCS_MFC|Win32.Build.0 = Debug_SBCS_MFC|Win32
		{56622C63-980D-451D-8C58-07F2653B4174}.Debug_SBCS|Win32.ActiveCfg = Debug_SBCS|Win32
		{56622C63-980D-451D-8C58-07F2653B4174}.Debug_SBCS|Win32.Build.0 = Debug_SBCS|Win32
		{56622C63-980D-451D-8C58-07F2653B4174}.Debug_Unicode_MFC|Win32.ActiveCfg = Debug_Unicode_MFC|Win32
		{56622C63-980D-451D-8C58-07F2653B4174}.Debug_Unicode_MFC|Win32.Build.0 = Debug_Unicode_MFC|Win32
		{56622C63-980D-451D-8C58-07F2653B4174}.Debug_Unicode|Win32.ActiveCfg = Debug_Unicode|Win32
		{56622C63-980D-451D-8C58-07F2653B4174}.Debug_Unicode|Win32.Build.0 = Debug_Unicode|Win32
		{56622C63-980D-451D-8C58-07F2653B4174}.Debug|Win32.ActiveCfg = Debug_MBCS|Win32
		{56622C63-980D-451D-8C58-07F2653B4174}.Debug|Win32.Build.0 = Debug_MBCS|Win32
		{56622C63-980D-451D-8C58-07F2653B4174}.Release_MBCS|Win32.ActiveCfg = Release_MBCS|Win32
		{56622C63-980D-451D-8C58-07F2653B4174}.Release_MBCS|Win32.Build.0 = Release_MBCS|Win32
		{56622C63-980D-451D-8C58-07F2653B4174}.Release_SBCS_MFC|Win32.ActiveCfg = Debug_SBCS_MFC|Win32
		{56622C63-980D-451D-8C58-07F2653B4174}.Release_SBCS_MFC|Win32.Build.0 = Debug_SBCS_MFC|Win32
		{56622C63-980D-451D-8C58-07F2653B4174}.Release_SBCS|Win32.ActiveCfg = Release_MBCS|Win32
		{56622C63-980D-451D-8C58-07F2653B4174}.Release_SBCS|Win32.Build.0 = Release_MBCS|Win32
		{56622C63-980D-451D-8C58-07F2653B4174}.Release_Unicode_MFC|Win32.ActiveCfg = Debug_Unicode_MFC|Win32
		{56622C63-980D-451D-8C58-07F2653B4174}.Release_Unicode_MFC|Win32.Build.0 = Debug_Unicode_MFC|Win32
		{56622C63-980D-451D-8C58-07F2653B4174}.Release_Unicode|Win32.ActiveCfg = Release_MBCS|Win32
		{56622C63-980D-451D-8C58-07F2653B4174}.Release_Unicode|Win32.Build.0 = Release_MBCS|Win32
		{56622C63-980D-451D-8C58-07F2653B4174}.Release|Win32.ActiveCfg = Release_MBCS|Win32
		{56622C63-980D-451D-8C58-07F2653B4174}.Release|Win32.Build.0 = Release_MBCS|Win32
		{DFC7977F-91A0-4374-99BE-8C21C032490B}.Debug_MBCS_MFC|Win32.ActiveCfg = Debug_MBCS|Win32
		{DFC7977F-91A0-4374-99BE-8C21C032490B}.Debug_MBCS_MFC|Win32.Build.0 = Debug_MBCS|Win32
		{DFC7977F-91A0-4374-99BE-8C21C032490B}.Debug_MBCS|Win32.ActiveCfg = Debug_MBCS|Win32
		{DFC7977F-91A0-4374-99BE-8C21C032490B}.Debug_MBCS|Win32.Build.0 = Debug_MBCS|Win32
		{DFC7977F-91A0-4374-99BE-8C21C032490B}.Debug_SBCS_MFC|Win32.ActiveCfg = Debug_SBCS|Win32
		{DFC7977F-91A0-4374-99BE-8C21C032490B}.Debug_SBCS_MFC|Win32.Build.0 = Debug_SBCS|Win32
		{DFC7977F-91A0-4374-99BE-8C21C032490B}.Debug_SBCS|Win32.ActiveCfg = Debug_SBCS|Win32
		{DFC7977F-91A0-4374-99BE-8C21C032490B}.Debug_SBCS|Win32.Build.0 = Debug_SBCS|Win32
		{DFC7977F-91A0-4374-99BE-8C21C032490B}.Debug_Unicode_MFC|Win32.ActiveCfg = Debug_Unicode|Win32
		{DFC7977F-91A0-4374-99BE-8C21C032490B}.Debug_Unicode_MFC|Win32.Build.0 = Debug_Unicode|Win32
		{DFC7977F-91A0-4374-99BE-8C21C032490B}.Debug_Unicode|Win32.ActiveCfg = Debug_Unicode|Win32
		{DFC7977F-91A0-4374-99BE-8C21C032490B}.Debug_Unicode|Win32.Build.0 = Debug_Unicode|Win32
		{DFC7977F-91A0-4374-99BE-8C21C032490B}.Debug|Win32.ActiveCfg = Debug_MBCS|Win32
		{DFC7977F-91A0-4374-99BE-8C21C032490B}.Debug|Win32.Build.0 = Debug_MBCS|Win32
		{DFC7977F-91A0-4374-99BE-8C21C032490B}.Release_MBCS|Win32.ActiveCfg = Release_SBCS|Win32
		{DFC7977F-91A0-4374-99BE-8C21C032490B}.Release_MBCS|Win32.Build.0 = Release_SBCS|Win32
		{DFC7977F-91A0-4374-99BE-8C21C032490B}.Release_SBCS_MFC|Win32.ActiveCfg = Release_SBCS|Win32
		{DFC7977F-91A0-4374-99BE-8C21C032490B}.Release_SBCS_MFC|Win32.Build.0 = Release_SBCS|Win32
		{DFC7977F-91A0-4374-99BE-8C21C032490B}.Release_SBCS|Win32.ActiveCfg = Release_SBCS|Win32
		{DFC7977F-91A0-4374-99BE-8C21C032490B}.Release_SBCS|Win32.Build.0 = Release_SBCS|Win32
		{DFC7977F-91A0-4374-99BE-8C21C032490B}.Release_Unicode_MFC|Win32.ActiveCfg = Release_Unicode|Win32
		{DFC7977F-91A0-4374-99BE-8C21C032490B}.Release_Unicode_MFC|Win32.Build.0 = Release_Unicode|Win32
		{DFC7977F-91A0-4374-99BE-8C21C032490B}.Release_Unicode|Win32.ActiveCfg = Release_Unicode|Win32
		{DFC7977F-91A0-4374-99BE-8C21C032490B}.Release_Unicode|Win32.Build.0 = Release_Unicode|Win32
		{DFC7977F-91A0-4374-99BE-8C21C032490B}.Release|Win32.ActiveCfg = Release_SBCS|Win32
		{DFC7977F-91A0-4374-99BE-8C21C032490B}.Release|Win32.Build.0 = Release_SBCS|Win32
		{A7D10171-A990-4E23-9740-8C8496C29DBD}.Debug_MBCS_MFC|Win32.ActiveCfg = Debug_MBCS|Win32
		{A7D10171-A990-4E23-9740-8C8496C29DBD}.Debug_MBCS_MFC|Win32.Build.0 = Debug_MBCS|Win32
		{A7D10171-A990-4E23-9740-8C8496C29DBD}.Debug_MBCS|Win32.ActiveCfg = Debug_MBCS|Win32
		{A7D10171-A990-4E23-9740-8C8496C29DBD}.Debug_MBCS|Win32.Build.0 = Debug_MBCS|Win32
		{A7D10171-A990-4E23-9740-8C8496C29DBD}.Debug_SBCS_MFC|Win32.ActiveCfg = Debug_SBCS|Win32
		{A7D10171-A990-4E23-9740-8C8496C29DBD}.Debug_SBCS_MFC|Win32.Build.0 = Debug_SBCS|Win32
		{A7D10171-A990-4E23-9740-8C8496C29DBD}.Debug_SBCS|Win32.ActiveCfg = Debug_SBCS|Win32
		{A7D10171-A990-4E23-9740-8C8496C29DBD}.Debug_SBCS|Win32.Build.0 = Debug_SBCS|Win32
		{A7D10171-A990-4E23-9740-8C8496C29DBD}.Debug_Unicode_MFC|Win32.ActiveCfg = Debug_Unicode|Win32
		{A7D10171-A990-4E23-9740-8C8496C29DBD}.Debug_Unicode_MFC|Win32.Build.0 = Debug_Unicode|Win32
		{A7D10171-A990-4E23-9740-8C8496C29DBD}.Debug_Unicode|Win32.ActiveCfg = Debug_Unicode|Win32
		{A7D10171-A990-4E23-9740-8C8496C29DBD}.Debug_Unicode|Win32.Build.0 = Debug_Unicode|Win32
		{A7D10171-A990-4E23-9740-8C8496C29DBD}.Debug|Win32.ActiveCfg = Debug_MBCS|Win32
		{A7D10171-A990-4E23-9740-8C8496C29DBD}.Debug|Win32.Build.0 = Debug_MBCS|Win32
		{A7D10171-A990-4E23-9740-8C8496C29DBD}.Release_MBCS|Win32.ActiveCfg = Release_SBCS|Win32
		{A7D10171-A990-4E23-9740-8C8496C29DBD}.Release_MBCS|Win32.Build.0 = Release_SBCS|Win32
		{A7D10171-A990-4E23-9740-8C8496C29DBD}.Release_SBCS_MFC|Win32.ActiveCfg = Release_SBCS|Win32
		{A7D10171-A990-4E23-9740-8C8496C29DBD}.Release_SBCS_MFC|Win32.Build.0 = Release_SBCS|Win32
		{A7D10171-A990-4E23-9740-8C8496C29DBD}.Release_SBCS|Win32.ActiveCfg = Release_SBCS|Win32
		{A7D10171-A990-4E23-9740-8C8496C29DBD}.Release_SBCS|Win32.Build.0 = Release_SBCS|Win32
		{A7D10171-A990-4E23-9740-8C8496C29DBD}.Release_Unicode_MFC|Win32.ActiveCfg = Release_Unicode|Win32
		{A7D10171-A990-4E23-9740-8C8496C29DBD}.Release_Unicode_MFC|Win32.Build.0 = Release_Unicode|Win32
		{A7D10171-A990-4E23-9740-8C8496C29DBD}.Release_Unicode|Win32.ActiveCfg = Release_Unicode|Win32
		{A7D10171-A990-4E23-9740-8C8496C29DBD}.Release_Unicode|Win32.Build.0 = Release_Unicode|Win32
		{A7D10171-A990-4E23-9740-8C8496C29DBD}.Release|Win32.ActiveCfg = Release_SBCS|Win32
		{A7D10171-A990-4E23-9740-8C8496C29DBD}.Release|Win32.Build.0 = Release_SBCS|Win32
		{B3DC2A0B-9D6F-405B-9F9B-2A6C8AF10CFD}.Debug_MBCS_MFC|Win32.ActiveCfg = Debug_MBCS|Win32
		{B3DC2A0B-9D6F-405B-9F9B-2A6C8AF10CFD}.Debug_MBCS_MFC|Win32.Build.0 = Debug_MBCS|Win32
		{B3DC2A0B-9D6F-405B-9F9B-2A6C8AF10CFD}.Debug_MBCS|Win32.ActiveCfg = Debug_MBCS|Win32
		{B3DC2A0B-9D6F-405B-9F9B-2A6C8AF10CFD}.Debug_MBCS|Win32.Build.0 = Debug_MBCS|Win32
		{B3DC2A0B-9D6F-405B-9F9B-2A6C8AF10CFD}.Debug_SBCS_MFC|Win32.ActiveCfg = Debug_SBCS|Win32
		{B3DC2A0B-9D6F-405B-9F9B-2A6C8AF10CFD}.Debug_SBCS_MFC|Win32.Build.0 = Debug_SBCS|Win32
		{B3DC2A0B-9D6F-405B-9F9B-2A6C8AF10CFD}.Debug_SBCS|Win32.ActiveCfg = Debug_SBCS|Win32
		{B3DC2A0B-9D6F-405B-9F9B-2A6C8AF10CFD}.Debug_SBCS|Win32.Build.0 = Debug_SBCS|Win32
		{B3DC2A0B-9D6F-405B-9F9B-2A6C8AF10CFD}.Debug_Unicode_MFC|Win32.ActiveCfg = Debug_Unicode|Win32
		{B3DC2A0B-9D6F-405B-9F9B-2A6C8AF10CFD}.Debug_Unicode_MFC|Win32.Build.0 = Debug_Unicode|Win32
		{B3DC2A0B-9D6F-405B-9F9B-2A6C8AF10CFD}.Debug_Unicode|Win32.ActiveCfg = Debug_Unicode|Win32
		{B3DC2A0B-9D6F-405B-9F9B-2A6C8AF10CFD}.Debug_Unicode|Win32.Build.0 = Debug_Unicode|Win32
		{B3DC2A0B-9D6F-405B-9F9B-2A6C8AF10CFD}.Debug|Win32.ActiveCfg = Debug_MBCS|Win32
		{B3DC2A0B-9D6F-405B-9F9B-2A6C8AF10CFD}.Debug|Win32.Build.0 = Debug_MBCS|Win32
		{B3DC2A0B-9D6F-405B-9F9B-2A6C8AF10CFD}.Release_MBCS|Win32.ActiveCfg = Release_SBCS|Win32
		{B3DC2A0B-9D6F-405B-9F9B-2A6C8AF10CFD}.Release_MBCS|Win32.Build.0 = Release_SBCS|Win32
		{B3DC2A0B-9D6F-405B-9F9B-2A6C8AF10CFD}.Release_SBCS_MFC|Win32.ActiveCfg = Release_SBCS|Win32
		{B3DC2A0B-9D6F-405B-9F9B-2A6C8AF10CFD}.Release_SBCS_MFC|Win32.Build.0 = Release_SBCS|Win32
		{B3DC2A0B-9D6F-405B-9F9B-2A6C8AF10CFD}.Release_SBCS|Win32.ActiveCfg = Release_SBCS|Win32
		{B3DC2A0B-9D6F-405B-9F9B-2A6C8AF10CFD}.Release_SBCS|Win32.Build.0 = Release_SBCS|Win32
		{B3DC2A0B-9D6F-405B-9F9B-2A6C8AF10CFD}.Release_Unicode_MFC|Win32.ActiveCfg = Release_Unicode|Win32
		{B3DC2A0B-9D6F-405B-9F9B-2A6C8AF10CFD}.Release_Unicode_MFC|Win32.Build.0 = Release_Unicode|Win32
		{B3DC2A0B-9D6F-405B-9F9B-2A6C8AF10CFD}.Release_Unicode|Win32.ActiveCfg = Release_Unicode|Win32
		{B3DC2A0B-9D6F-405B-9F9B-2A6C8AF10CFD}.Release_Unicode|Win32.Build.0 = Release_Unicode|Win32
		{B3DC2A0B-9D6F-405B-9F9B-2A6C8AF10CFD}.Release|Win32.ActiveCfg = Release_SBCS|Win32
		{B3DC2A0B-9D6F-405B-9F9B-2A6C8AF10CFD}.Release|Win32.Build.0 = Release_SBCS|Win32
		{533C43D2-3A63-4754-9BAD-B07F62AB4166}.Debug_MBCS_MFC|Win32.ActiveCfg = Debug_MBCS|Win32
		{533C43D2-3A63-4754-9BAD-B07F62AB4166}.Debug_MBCS_MFC|Win32.Build.0 = Debug_MBCS|Win32
		{533C43D2-3A63-4754-9BAD-B07F62AB4166}.Debug_MBCS|Win32.ActiveCfg = Debug_MBCS|Win32
		{533C43D2-3A63-4754-9BAD-B07F62AB4166}.Debug_MBCS|Win32.Build.0 = Debug_MBCS|Win32
		{533C43D2-3A63-4754-9BAD-B07F62AB4166}.Debug_SBCS_MFC|Win32.ActiveCfg = Debug_SBCS_MFC|Win32
		{533C43D2-3A63-4754-9BAD-B07F62AB4166}.Debug_SBCS_MFC|Win32.Build.0 = Debug_SBCS_MFC|Win32
		{533C43D2-3A63-4754-9BAD-B07F62AB4166}.Debug_SBCS|Win32.ActiveCfg = Debug_SBCS|Win32
		{533C43D2-3A63-4754-9BAD-B07F62AB4166}.Debug_SBCS|Win32.Build.0 = Debug_SBCS|Win32
		{533C43D2-3A63-4754-9BAD-B07F62AB4166}.Debug_Unicode_MFC|Win32.ActiveCfg = Debug_Unicode_MFC|Win32
		{533C43D2-3A63-4754-9BAD-B07F62AB4166}.Debug_Unicode_MFC|Win32.Build.0 = Debug_Unicode_MFC|Win32
		{533C43D2-3A63-4754-9BAD-B07F62AB4166}.Debug_Unicode|Win32.ActiveCfg = Debug_Unicode|Win32
		{533C43D2-3A63-4754-9BAD-B07F62AB4166}.Debug_Unicode|Win32.Build.0 = Debug_Unicode|Win32
		{533C43D2-3A63-4754-9BAD-B07F62AB4166}.Debug|Win32.ActiveCfg = Debug_MBCS|Win32
		{533C43D2-3A63-4754-9BAD-B07F62AB4166}.Debug|Win32.Build.0 = Debug_MBCS|Win32
		{533C43D2-3A63-4754-9BAD-B07F62AB4166}.Release_MBCS|Win32.ActiveCfg = Release_Unicode|Win32
		{533C43D2-3A63-4754-9BAD-B07F62AB4166}.Release_MBCS|Win32.Build.0 = Release_Unicode|Win32
		{533C43D2-3A63-4754-9BAD-B07F62AB4166}.Release_SBCS_MFC|Win32.ActiveCfg = Release_SBCS_MFC|Win32
		{533C43D2-3A63-4754-9BAD-B07F62AB4166}.Release_SBCS_MFC|Win32.Build.0 = Release_SBCS_MFC|Win32
		{533C43D2-3A63-4754-9BAD-B07F62AB4166}.Release_SBCS|Win32.ActiveCfg = Release_SBCS|Win32
		{533C43D2-3A63-4754-9BAD-B07F62AB4166}.Release_SBCS|Win32.Build.0 = Release_SBCS|Win32
		{533C43D2-3A63-4754-9BAD-B07F62AB4166}.Release_Unicode_MFC|Win32.ActiveCfg = Release_Unicode_MFC|Win32
		{533C43D2-3A63-4754-9BAD-B07F62AB4166}.Release_Unicode_MFC|Win32.Build.0 = Release_Unicode_MFC|Win32
		{533C43D2-3A63-4754-9BAD-B07F62AB4166}.Release_Unicode|Win32.ActiveCfg = Release_Unicode|Win32
		{533C43D2-3A63-4754-9BAD-B07F62AB4166}.Release_Unicode|Win32.Build.0 = Release_Unicode|Win32
		{533C43D2-3A63-4754-9BAD-B07F62AB4166}.Release|Win32.ActiveCfg = Release_Unicode|Win32
		{533C43D2-3A63-4754-9BAD-B07F62AB4166}.Release|Win32.Build.0 = Release_Unicode|Win32
		{C41801C3-6E9B-46D1-85ED-EE624BA94BF2}.Debug_MBCS_MFC|Win32.ActiveCfg = Debug_MBCS|Win32
		{C41801C3-6E9B-46D1-85ED-EE624BA94BF2}.Debug_MBCS_MFC|Win32.Build.0 = Debug_MBCS|Win32
		{C41801C3-6E9B-46D1-85ED-EE624BA94BF2}.Debug_MBCS|Win32.ActiveCfg = Debug_MBCS|Win32
		{C41801C3-6E9B-46D1-85ED-EE624BA94BF2}.Debug_MBCS|Win32.Build.0 = Debug_MBCS|Win32
		{C41801C3-6E9B-46D1-85ED-EE624BA94BF2}.Debug_SBCS_MFC|Win32.ActiveCfg = Debug_SBCS_MFC|Win32
		{C41801C3-6E9B-46D1-85ED-EE624BA94BF2}.Debug_SBCS|Win32.ActiveCfg = Debug_SBCS|Win32
		{C41801C3-6E9B-46D1-85ED-EE624BA94BF2}.Debug_Unicode_MFC|Win32.ActiveCfg = Debug_Unicode_MFC|Win32
		{C41801C3-6E9B-46D1-85ED-EE624BA94BF2}.Debug_Unicode|Win32.ActiveCfg = Debug_Unicode|Win32
		{C41801C3-6E9B-46D1-85ED-EE624BA94BF2}.Debug|Win32.ActiveCfg = Debug_MBCS|Win32
		{C41801C3-6E9B-46D1-85ED-EE624BA94BF2}.Debug|Win32.Build.0 = Debug_MBCS|Win32
		{C41801C3-6E9B-46D1-85ED-EE624BA94BF2}.Release_MBCS|Win32.ActiveCfg = Release_Unicode|Win32
		{C41801C3-6E9B-46D1-85ED-EE624BA94BF2}.Release_MBCS|Win32.Build.0 = Release_Unicode|Win32
		{C41801C3-6E9B-46D1-85ED-EE624BA94BF2}.Release_SBCS_MFC|Win32.ActiveCfg = Release_SBCS_MFC|Win32
		{C41801C3-6E9B-46D1-85ED-EE624BA94BF2}.Release_SBCS|Win32.ActiveCfg = Release_SBCS|Win32
		{C41801C3-6E9B-46D1-85ED-EE624BA94BF2}.Release_Unicode_MFC|Win32.ActiveCfg = Release_Unicode_MFC|Win32
		{C41801C3-6E9B-46D1-85ED-EE624BA94BF2}.Release_Unicode|Win32.ActiveCfg = Release_Unicode|Win32
		{C41801C3-6E9B-46D1-85ED-EE624BA94BF2}.Release|Win32.ActiveCfg = Release_Unicode|Win32
		{C41801C3-6E9B-46D1-85ED-EE624BA94BF2}.Release|Win32.Build.0 = Release_Unicode|Win32
		{0E341E09-4B98-459F-9C33-DCDB8E7714DC}.Debug_MBCS_MFC|Win32.ActiveCfg = Debug_MBCS|Win32
		{0E341E09-4B98-459F-9C33-DCDB8E7714DC}.Debug_MBCS_MFC|Win32.Build.0 = Debug_MBCS|Win32
		{0E341E09-4B98-459F-9C33-DCDB8E7714DC}.Debug_MBCS|Win32.ActiveCfg = Debug_MBCS|Win32
		{0E341E09-4B98-459F-9C33-DCDB8E7714DC}.Debug_MBCS|Win32.Build.0 = Debug_MBCS|Win32
		{0E341E09-4B98-459F-9C33-DCDB8E7714DC}.Debug_SBCS_MFC|Win32.ActiveCfg = Debug_SBCS_MFC|Win32
		{0E341E09-4B98-459F-9C33-DCDB8E7714DC}.Debug_SBCS|Win32.ActiveCfg = Debug_SBCS|Win32
		{0E341E09-4B98-459F-9C33-DCDB8E7714DC}.Debug_Unicode_MFC|Win32.ActiveCfg = Debug_Unicode_MFC|Win32
		{0E341E09-4B98-459F-9C33-DCDB8E7714DC}.Debug_Unicode|Win32.ActiveCfg = Debug_Unicode|Win32
		{0E341E09-4B98-459F-9C33-DCDB8E7714DC}.Debug|Win32.ActiveCfg = Debug_MBCS|Win32
		{0E341E09-4B98-459F-9C33-DCDB8E7714DC}.Debug|Win32.Build.0 = Debug_MBCS|Win32
		{0E341E09-4B98-459F-9C33-DCDB8E7714DC}.Release_MBCS|Win32.ActiveCfg = Release_Unicode|Win32
		{0E341E09-4B98-459F-9C33-DCDB8E7714DC}.Release_MBCS|Win32.Build.0 = Release_Unicode|Win32
		{0E341E09-4B98-459F-9C33-DCDB8E7714DC}.Release_SBCS_MFC|Win32.ActiveCfg = Release_SBCS_MFC|Win32
		{0E341E09-4B98-459F-9C33-DCDB8E7714DC}.Release_SBCS|Win32.ActiveCfg = Release_SBCS|Win32
		{0E341E09-4B98-459F-9C33-DCDB8E7714DC}.Release_Unicode_MFC|Win32.ActiveCfg = Release_Unicode_MFC|Win32
		{0E341E09-4B98-459F-9C33-DCDB8E7714DC}.Release_Unicode|Win32.ActiveCfg = Release_Unicode|Win32
		{0E341E09-4B98-459F-9C33-DCDB8E7714DC}.Release|Win32.ActiveCfg = Release_Unicode|Win32
		{0E341E09-4B98-459F-9C33-DCDB8E7714DC}.Release|Win32.Build.0 = Release_Unicode|Win32
		{216ACF6A-B2F5-4D5B-930B-FB4B135A92D0}.Debug_MBCS_MFC|Win32.ActiveCfg = Debug_MBCS|Win32
		{216ACF6A-B2F5-4D5B-930B-FB4B135A92D0}.Debug_MBCS_MFC|Win32.Build.0 = Debug_MBCS|Win32
		{216ACF6A-B2F5-4D5B-930B-FB4B135A92D0}.Debug_MBCS|Win32.ActiveCfg = Debug_MBCS|Win32
		{216ACF6A-B2F5-4D5B-930B-FB4B135A92D0}.Debug_MBCS|Win32.Build.0 = Debug_MBCS|Win32
		{216ACF6A-B2F5-4D5B-930B-FB4B135A92D0}.Debug_SBCS_MFC|Win32.ActiveCfg = Debug_SBCS|Win32
		{216ACF6A-B2F5-4D5B-930B-FB4B135A92D0}.Debug_SBCS_MFC|Win32.Build.0 = Debug_SBCS|Win32
		{216ACF6A-B2F5-4D5B-930B-FB4B135A92D0}.Debug_SBCS|Win32.ActiveCfg = Debug_SBCS|Win32
		{216ACF6A-B2F5-4D5B-930B-FB4B135A92D0}.Debug_SBCS|Win32.Build.0 = Debug_SBCS|Win32
		{216ACF6A-B2F5-4D5B-930B-FB4B135A92D0}.Debug_Unicode_MFC|Win32.ActiveCfg = Debug_Unicode|Win32
		{216ACF6A-B2F5-4D5B-930B-FB4B135A92D0}.Debug_Unicode_MFC|Win32.Build.0 = Debug_Unicode|Win32
		{216ACF6A-B2F5-4D5B-930B-FB4B135A92D0}.Debug_Unicode|Win32.ActiveCfg = Debug_Unicode|Win32
		{216ACF6A-B2F5-4D5B-930B-FB4B135A92D0}.Debug_Unicode|Win32.Build.0 = Debug_Unicode|Win32
		{216ACF6A-B2F5-4D5B-930B-FB4B135A92D0}.Debug|Win32.ActiveCfg = Debug_MBCS|Win32
		{216ACF6A-B2F5-4D5B-930B-FB4B135A92D0}.Debug|Win32.Build.0 = Debug_MBCS|Win32
		{216ACF6A-B2F5-4D5B-930B-FB4B135A92D0}.Release_MBCS|Win32.ActiveCfg = Release_SBCS|Win32
		{216ACF6A-B2F5-4D5B-930B-FB4B135A92D0}.Release_MBCS|Win32.Build.0 = Release_SBCS|Win32
		{216ACF6A-B2F5-4D5B-930B-FB4B135A92D0}.Release_SBCS_MFC|Win32.ActiveCfg = Release_SBCS|Win32
		{216ACF6A-B2F5-4D5B-930B-FB4B135A92D0}.Release_SBCS_MFC|Win32.Build.0 = Release_SBCS|Win32
		{216ACF6A-B2F5-4D5B-930B-FB4B135A92D0}.Release_SBCS|Win32.ActiveCfg = Release_SBCS|Win32
		{216ACF6A-B2F5-4D5B-930B-FB4B135A92D0}.Release_SBCS|Win32.Build.0 = Release_SBCS|Win32
		{216ACF6A-B2F5-4D5B-930B-FB4B135A92D0}.Release_Unicode_MFC|Win32.ActiveCfg = Release_Unicode|Win32
		{216ACF6A-B2F5-4D5B-930B-FB4B135A92D0}.Release_Unicode_MFC|Win32.Build.0 = Release_Unicode|Win32
		{216ACF6A-B2F5-4D5B-930B-FB4B135A92D0}.Release_Unicode|Win32.ActiveCfg = Release_Unicode|Win32
		{216ACF6A-B2F5-4D5B-930B-FB4B135A92D0}.Release_Unicode|Win32.Build.0 = Release_Unicode|Win32
		{216ACF6A-B2F5-4D5B-930B-FB4B135A92D0}.Release|Win32.ActiveCfg = Release_SBCS|Win32
		{216ACF6A-B2F5-4D5B-930B-FB4B135A92D0}.Release|Win32.Build.0 = Release_SBCS|Win32
		{5FAC5B84-60A4-4D8A-BC2F-652C709DE8AE}.Debug_MBCS_MFC|Win32.ActiveCfg = Debug_Unicode|Win32
		{5FAC5B84-60A4-4D8A-BC2F-652C709DE8AE}.Debug_MBCS_MFC|Win32.Build.0 = Debug_Unicode|Win32
		{5FAC5B84-60A4-4D8A-BC2F-652C709DE8AE}.Debug_MBCS|Win32.ActiveCfg = Debug_Unicode|Win32
		{5FAC5B84-60A4-4D8A-BC2F-652C709DE8AE}.Debug_MBCS|Win32.Build.0 = Debug_Unicode|Win32
		{5FAC5B84-60A4-4D8A-BC2F-652C709DE8AE}.Debug_SBCS_MFC|Win32.ActiveCfg = Debug_SBCS|Win32
		{5FAC5B84-60A4-4D8A-BC2F-652C709DE8AE}.Debug_SBCS_MFC|Win32.Build.0 = Debug_SBCS|Win32
		{5FAC5B84-60A4-4D8A-BC2F-652C709DE8AE}.Debug_SBCS|Win32.ActiveCfg = Debug_SBCS|Win32
		{5FAC5B84-60A4-4D8A-BC2F-652C709DE8AE}.Debug_SBCS|Win32.Build.0 = Debug_SBCS|Win32
		{5FAC5B84-60A4-4D8A-BC2F-652C709DE8AE}.Debug_Unicode_MFC|Win32.ActiveCfg = Debug_Unicode|Win32
		{5FAC5B84-60A4-4D8A-BC2F-652C709DE8AE}.Debug_Unicode_MFC|Win32.Build.0 = Debug_Unicode|Win32
		{5FAC5B84-60A4-4D8A-BC2F-652C709DE8AE}.Debug_Unicode|Win32.ActiveCfg = Debug_Unicode|Win32
		{5FAC5B84-60A4-4D8A-BC2F-652C709DE8AE}.Debug_Unicode|Win32.Build.0 = Debug_Unicode|Win32
		{5FAC5B84-60A4-4D8A-BC2F-652C709DE8AE}.Debug|Win32.ActiveCfg = Debug_Unicode|Win32
		{5FAC5B84-60A4-4D8A-BC2F-652C709DE8AE}.Debug|Win32.Build.0 = Debug_Unicode|Win32
		{5FAC5B84-60A4-4D8A-BC2F-652C709DE8AE}.Release_MBCS|Win32.ActiveCfg = Release_SBCS|Win32
		{5FAC5B84-60A4-4D8A-BC2F-652C709DE8AE}.Release_MBCS|Win32.Build.0 = Release_SBCS|Win32
		{5FAC5B84-60A4-4D8A-BC2F-652C709DE8AE}.Release_SBCS_MFC|Win32.ActiveCfg = Release_SBCS|Win32
		{5FAC5B84-60A4-4D8A-BC2F-652C709DE8AE}.Release_SBCS_MFC|Win32.Build.0 = Release_SBCS|Win32
		{5FAC5B84-60A4-4D8A-BC2F-652C709DE8AE}.Release_SBCS|Win32.ActiveCfg = Release_SBCS|Win32
		{5FAC5B84-60A4-4D8A-BC2F-652C709DE8AE}.Release_SBCS|Win32.Build.0 = Release_SBCS|Win32
		{5FAC5B84-60A4-4D8A-BC2F-652C709DE8AE}.Release_Unicode_MFC|Win32.ActiveCfg = Release_Unicode|Win32
		{5FAC5B84-60A4-4D8A-BC2F-652C709DE8AE}.Release_Unicode_MFC|Win32.Build.0 = Release_Unicode|Win32
		{5FAC5B84-60A4-4D8A-BC2F-652C709DE8AE}.Release_Unicode|Win32.ActiveCfg = Release_Unicode|Win32
		{5FAC5B84-60A4-4D8A-BC2F-652C709DE8AE}.Release_Unicode|Win32.Build.0 = Release_Unicode|Win32
		{5FAC5B84-60A4-4D8A-BC2F-652C709DE8AE}.Release|Win32.ActiveCfg = Release_SBCS|Win32
		{5FAC5B84-60A4-4D8A-BC2F-652C709DE8AE}.Release|Win32.Build.0 = Release_SBCS|Win32
		{FCE8D72D-CC69-4563-B284-A1D2DAD7B3E6}.Debug_MBCS_MFC|Win32.ActiveCfg = Debug_SBCS|Win32
		{FCE8D72D-CC69-4563-B284-A1D2DAD7B3E6}.Debug_MBCS_MFC|Win32.Build.0 = Debug_SBCS|Win32
		{FCE8D72D-CC69-4563-B284-A1D2DAD7B3E6}.Debug_MBCS|Win32.ActiveCfg = Debug_SBCS|Win32
		{FCE8D72D-CC69-4563-B284-A1D2DAD7B3E6}.Debug_MBCS|Win32.Build.0 = Debug_SBCS|Win32
		{FCE8D72D-CC69-4563-B284-A1D2DAD7B3E6}.Debug_SBCS_MFC|Win32.ActiveCfg = Debug_Unicode|Win32
		{FCE8D72D-CC69-4563-B284-A1D2DAD7B3E6}.Debug_SBCS_MFC|Win32.Build.0 = Debug_Unicode|Win32
		{FCE8D72D-CC69-4563-B284-A1D2DAD7B3E6}.Debug_SBCS|Win32.ActiveCfg = Debug_SBCS|Win32
		{FCE8D72D-CC69-4563-B284-A1D2DAD7B3E6}.Debug_SBCS|Win32.Build.0 = Debug_SBCS|Win32
		{FCE8D72D-CC69-4563-B284-A1D2DAD7B3E6}.Debug_Unicode_MFC|Win32.ActiveCfg = Debug_Unicode|Win32
		{FCE8D72D-CC69-4563-B284-A1D2DAD7B3E6}.Debug_Unicode_MFC|Win32.Build.0 = Debug_Unicode|Win32
		{FCE8D72D-CC69-4563-B284-A1D2DAD7B3E6}.Debug_Unicode|Win32.ActiveCfg = Debug_Unicode|Win32
		{FCE8D72D-CC69-4563-B284-A1D2DAD7B3E6}.Debug_Unicode|Win32.Build.0 = Debug_Unicode|Win32
		{FCE8D72D-CC69-4563-B284-A1D2DAD7B3E6}.Debug|Win32.ActiveCfg = Debug_SBCS|Win32
		{FCE8D72D-CC69-4563-B284-A1D2DAD7B3E6}.Debug|Win32.Build.0 = Debug_SBCS|Win32
		{FCE8D72D-CC69-4563-B284-A1D2DAD7B3E6}.Release_MBCS|Win32.ActiveCfg = Release_SBCS|Win32
		{FCE8D72D-CC69-4563-B284-A1D2DAD7B3E6}.Release_MBCS|Win32.Build.0 = Release_SBCS|Win32
		{FCE8D72D-CC69-4563-B284-A1D2DAD7B3E6}.Release_SBCS_MFC|Win32.ActiveCfg = Release_Unicode|Win32
		{FCE8D72D-CC69-4563-B284-A1D2DAD7B3E6}.Release_SBCS_MFC|Win32.Build.0 = Release_Unicode|Win32
		{FCE8D72D-CC69-4563-B284-A1D2DAD7B3E6}.Release_SBCS|Win32.ActiveCfg = Release_SBCS|Win32
		{FCE8D72D-CC69-4563-B284-A1D2DAD7B3E6}.Release_SBCS|Win32.Build.0 = Release_SBCS|Win32
		{FCE8D72D-CC69-4563-B284-A1D2DAD7B3E6}.Release_Unicode_MFC|Win32.ActiveCfg = Release_Unicode|Win32
		{FCE8D72D-CC69-4563-B284-A1D2DAD7B3E6}.Release_Unicode_MFC|Win32.Build.0 = Release_Unicode|Win32
		{FCE8D72D-CC69-4563-B284-A1D2DAD7B3E6}.Release_Unicode|Win32.ActiveCfg = Release_Unicode|Win32
		{FCE8D72D-CC69-4563-B284-A1D2DAD7B3E6}.Release_Unicode|Win32.Build.0 = Release_Unicode|Win32
		{FCE8D72D-CC69-4563-B284-A1D2DAD7B3E6}.Release|Win32.ActiveCfg = Release_SBCS|Win32
		{FCE8D72D-CC69-4563-B284-A1D2DAD7B3E6}.Release|Win32.Build.0 = Release_SBCS|Win32
		{2930C64A-5BC8-4D50-B2DE-AE3B8B403708}.Debug_MBCS_MFC|Win32.ActiveCfg = Debug_Unicode|Win32
		{2930C64A-5BC8-4D50-B2DE-AE3B8B403708}.Debug_MBCS_MFC|Win32.Build.0 = Debug_Unicode|Win32
		{2930C64A-5BC8-4D50-B2DE-AE3B8B403708}.Debug_MBCS|Win32.ActiveCfg = Debug_Unicode|Win32
		{2930C64A-5BC8-4D50-B2DE-AE3B8B403708}.Debug_MBCS|Win32.Build.0 = Debug_Unicode|Win32
		{2930C64A-5BC8-4D50-B2DE-AE3B8B403708}.Debug_SBCS_MFC|Win32.ActiveCfg = Debug_SBCS|Win32
		{2930C64A-5BC8-4D50-B2DE-AE3B8B403708}.Debug_SBCS_MFC|Win32.Build.0 = Debug_SBCS|Win32
		{2930C64A-5BC8-4D50-B2DE-AE3B8B403708}.Debug_SBCS|Win32.ActiveCfg = Debug_SBCS|Win32
		{2930C64A-5BC8-4D50-B2DE-AE3B8B403708}.Debug_SBCS|Win32.Build.0 = Debug_SBCS|Win32
		{2930C64A-5BC8-4D50-B2DE-AE3B8B403708}.Debug_Unicode_MFC|Win32.ActiveCfg = Debug_Unicode|Win32
		{2930C64A-5BC8-4D50-B2DE-AE3B8B403708}.Debug_Unicode_MFC|Win32.Build.0 = Debug_Unicode|Win32
		{2930C64A-5BC8-4D50-B2DE-AE3B8B403708}.Debug_Unicode|Win32.ActiveCfg = Debug_Unicode|Win32
		{2930C64A-5BC8-4D50-B2DE-AE3B8B403708}.Debug_Unicode|Win32.Build.0 = Debug_Unicode|Win32
		{2930C64A-5BC8-4D50-B2DE-AE3B8B403708}.Debug|Win32.ActiveCfg = Debug_Unicode|Win32
		{2930C64A-5BC8-4D50-B2DE-AE3B8B403708}.Debug|Win32.Build.0 = Debug_Unicode|Win32
		{2930C64A-5BC8-4D50-B2DE-AE3B8B403708}.Release_MBCS|Win32.ActiveCfg = Release_Unicode|Win32
		{2930C64A-5BC8-4D50-B2DE-AE3B8B403708}.Release_MBCS|Win32.Build.0 = Release_Unicode|Win32
		{2930C64A-5BC8-4D50-B2DE-AE3B8B403708}.Release_SBCS_MFC|Win32.ActiveCfg = Release_SBCS|Win32
		{2930C64A-5BC8-4D50-B2DE-AE3B8B403708}.Release_SBCS_MFC|Win32.Build.0 = Release_SBCS|Win32
		{2930C64A-5BC8-4D50-B2DE-AE3B8B403708}.Release_SBCS|Win32.ActiveCfg = Release_SBCS|Win32
		{2930C64A-5BC8-4D50-B2DE-AE3B8B403708}.Release_SBCS|Win32.Build.0 = Release_SBCS|Win32
		{2930C64A-5BC8-4D50-B2DE-AE3B8B403708}.Release_Unicode_MFC|Win32.ActiveCfg = Release_Unicode|Win32
		{2930C64A-5BC8-4D50-B2DE-AE3B8B403708}.Release_Unicode_MFC|Win32.Build.0 = Release_Unicode|Win32
		{2930C64A-5BC8-4D50-B2DE-AE3B8B403708}.Release_Unicode|Win32.ActiveCfg = Release_Unicode|Win32
		{2930C64A-5BC8-4D50-B2DE-AE3B8B403708}.Release_Unicode|Win32.Build.0 = Release_Unicode|Win32
		{2930C64A-5BC8-4D50-B2DE-AE3B8B403708}.Release|Win32.ActiveCfg = Release_Unicode|Win32
		{2930C64A-5BC8-4D50-B2DE-AE3B8B403708}.Release|Win32.Build.0 = Release_Unicode|Win32
		{8D00A328-D396-4960-8013-9C935DE4FB4A}.Debug_MBCS_MFC|Win32.ActiveCfg = Debug_Unicode|Win32
		{8D00A328-D396-4960-8013-9C935DE4FB4A}.Debug_MBCS_MFC|Win32.Build.0 = Debug_Unicode|Win32
		{8D00A328-D396-4960-8013-9C935DE4FB4A}.Debug_MBCS|Win32.ActiveCfg = Debug_Unicode|Win32
		{8D00A328-D396-4960-8013-9C935DE4FB4A}.Debug_MBCS|Win32.Build.0 = Debug_Unicode|Win32
		{8D00A328-D396-4960-8013-9C935DE4FB4A}.Debug_SBCS_MFC|Win32.ActiveCfg = Debug_Unicode|Win32
		{8D00A328-D396-4960-8013-9C935DE4FB4A}.Debug_SBCS_MFC|Win32.Build.0 = Debug_Unicode|Win32
		{8D00A328-D396-4960-8013-9C935DE4FB4A}.Debug_SBCS|Win32.ActiveCfg = Debug_Unicode|Win32
		{8D00A328-D396-4960-8013-9C935DE4FB4A}.Debug_SBCS|Win32.Build.0 = Debug_Unicode|Win32
		{8D00A328-D396-4960-8013-9C935DE4FB4A}.Debug_Unicode_MFC|Win32.ActiveCfg = Debug_Unicode|Win32
		{8D00A328-D396-4960-8013-9C935DE4FB4A}.Debug_Unicode_MFC|Win32.Build.0 = Debug_Unicode|Win32
		{8D00A328-D396-4960-8013-9C935DE4FB4A}.Debug_Unicode|Win32.ActiveCfg = Debug_Unicode|Win32
		{8D00A328-D396-4960-8013-9C935DE4FB4A}.Debug_Unicode|Win32.Build.0 = Debug_Unicode|Win32
		{8D00A328-D396-4960-8013-9C935DE4FB4A}.Debug|Win32.ActiveCfg = Debug_Unicode|Win32
		{8D00A328-D396-4960-8013-9C935DE4FB4A}.Debug|Win32.Build.0 = Debug_Unicode|Win32
		{8D00A328-D396-4960-8013-9C935DE4FB4A}.Release_MBCS|Win32.ActiveCfg = Release_Unicode|Win32
		{8D00A328-D396-4960-8013-9C935DE4FB4A}.Release_MBCS|Win32.Build.0 = Release_Unicode|Win32
		{8D00A328-D396-4960-8013-9C935DE4FB4A}.Release_SBCS_MFC|Win32.ActiveCfg = Release_Unicode|Win32
		{8D00A328-D396-4960-8013-9C935DE4FB4A}.Release_SBCS_MFC|Win32.Build.0 = Release_Unicode|Win32
		{8D00A328-D396-4960-8013-9C935DE4FB4A}.Release_SBCS|Win32.ActiveCfg = Release_Unicode|Win32
		{8D00A328-D396-4960-8013-9C935DE4FB4A}.Release_SBCS|Win32.Build.0 = Release_Unicode|Win32
		{8D00A328-D396-4960-8013-9C935DE4FB4A}.Release_Unicode_MFC|Win32.ActiveCfg = Release_Unicode|Win32
		{8D00A328-D396-4960-8013-9C935DE4FB4A}.Release_Unicode_MFC|Win32.Build.0 = Release_Unicode|Win32
		{8D00A328-D396-4960-8013-9C935DE4FB4A}.Release_Unicode|Win32.ActiveCfg = Release_Unicode|Win32
		{8D00A328-D396-4960-8013-9C935DE4FB4A}.Release_Unicode|Win32.Build.0 = Release_Unicode|Win32
		{8D00A328-D396-4960-8013-9C935DE4FB4A}.Release|Win32.ActiveCfg = Release_Unicode|Win32
		{8D00A328-D396-4960-8013-9C935DE4FB4A}.Release|Win32.Build.0 = Release_Unicode|Win32
		{6FB04691-53F9-4C80-A7DB-31B83E083EEE}.Debug_MBCS_MFC|Win32.ActiveCfg = Debug|Win32
		{6FB04691-53F9-4C80-A7DB-31B83E083EEE}.Debug_MBCS_MFC|Win32.Build.0 = Debug|Win32
		{6FB04691-53F9-4C80-A7DB-31B83E083EEE}.Debug_MBCS|Win32.ActiveCfg = Debug|Win32
		{6FB04691-53F9-4C80-A7DB-31B83E083EEE}.Debug_MBCS|Win32.Build.0 = Debug|Win32
		{6FB04691-53F9-4C80-A7DB-31B83E083EEE}.Debug_SBCS_MFC|Win32.ActiveCfg = Debug|Win32
		{6FB04691-53F9-4C80-A7DB-31B83E083EEE}.Debug_SBCS_MFC|Win32.Build.0 = Debug|Win32
		{6FB04691-53F9-4C80-A7DB-31B83E083EEE}.Debug_SBCS|Win32.ActiveCfg = Debug|Win32
		{6FB04691-53F9-4C80-A7DB-31B83E083EEE}.Debug_SBCS|Win32.Build.0 = Debug|Win32
		{6FB04691-53F9-4C80-A7DB-31B83E083EEE}.Debug_Unicode_MFC|Win32.ActiveCfg = Debug|Win32
		{6FB04691-53F9-4C80-A7DB-31B83E083EEE}.Debug_Unicode_MFC|Win32.Build.0 = Debug|Win32
		{6FB04691-53F9-4C80-A7DB-31B83E083EEE}.Debug_Unicode|Win32.ActiveCfg = Debug|Win32
		{6FB04691-53F9-4C80-A7DB-31B83E083EEE}.Debug_Unicode|Win32.Build.0 = Debug|Win32
		{6FB04691-53F9-4C80-A7DB-31B83E083EEE}.Debug|Win32.ActiveCfg = Debug|Win32
		{6FB04691-53F9-4C80-A7DB-31B83E083EEE}.Debug|Win32.Build.0 = Debug|Win32
		{6FB04691-53F9-4C80-A7DB-31B83E083EEE}.Release_MBCS|Win32.ActiveCfg = Release|Win32
		{6FB04691-53F9-4C80-A7DB-31B83E083EEE}.Release_MBCS|Win32.Build.0 = Release|Win32
		{6FB04691-53F9-4C80-A7DB-31B83E083EEE}.Release_SBCS_MFC|Win32.ActiveCfg = Release|Win32
		{6FB04691-53F9-4C80-A7DB-31B83E083EEE}.Release_SBCS_MFC|Win32.Build.0 = Release|Win32
		{6FB04691-53F9-4C80-A7DB-31B83E083EEE}.Release_SBCS|Win32.ActiveCfg = Release|Win32
		{6FB04691-53F9-4C80-A7DB-31B83E083EEE}.Release_SBCS|Win32.Build.0 = Release|Win32
		{6FB04691-53F9-4C80-A7DB-31B83E083EEE}.Release_Unicode_MFC|Win32.ActiveCfg = Release|Win32
		{6FB04691-53F9-4C80-A7DB-31B83E083EEE}.Release_Unicode_MFC|Win32.Build.0 = Release|Win32
		{6FB04691-53F9-4C80-A7DB-31B83E083EEE}.Release_Unicode|Win32.ActiveCfg = Release|Win32
		{6FB04691-53F9-4C80-A7DB-31B83E083EEE}.Release_Unicode|Win32.Build.0 = Release|Win32
		{6FB04691-53F9-4C80-A7DB-31B83E083EEE}.Release|Win32.ActiveCfg = Release|Win32
		{6FB04691-53F9-4C80-A7DB-31B83E083EEE}.Release|Win32.Build.0 = Release|Win32
	EndGlobalSection
	GlobalSection(SolutionProperties) = preSolution
		HideSolutionNode = FALSE
	EndGlobalSection
EndGlobal
